
Microsoft Visual Studio Solution File, Format Version 12.00
# Visual Studio 15
VisualStudioVersion = 15.0.27703.2026
MinimumVisualStudioVersion = 10.0.40219.1
Project("{FAE04EC0-301F-11D3-BF4B-00C04F79EFBC}") = "InnerGlobe.Android", "InnerGlobe\InnerGlobe.Android\InnerGlobe.Android.csproj", "{018B5167-6805-4E34-878B-D6C33E55BB1F}"
EndProject
Project("{FAE04EC0-301F-11D3-BF4B-00C04F79EFBC}") = "InnerGlobe.iOS", "InnerGlobe\InnerGlobe.iOS\InnerGlobe.iOS.csproj", "{76393949-0E87-4E0C-9596-9DBE0DA9EEE1}"
EndProject
Project("{FAE04EC0-301F-11D3-BF4B-00C04F79EFBC}") = "InnerGlobe.UWP", "InnerGlobe\InnerGlobe.UWP\InnerGlobe.UWP.csproj", "{5614668F-DFD3-426B-91C6-927DC66E947E}"
EndProject
Project("{FAE04EC0-301F-11D3-BF4B-00C04F79EFBC}") = "InnerGlobe", "InnerGlobe\InnerGlobe\InnerGlobe.csproj", "{D1D792AD-75A2-46D7-936D-53AF86E40A2A}"
EndProject
Global
	GlobalSection(SolutionConfigurationPlatforms) = preSolution
		Ad-Hoc|Any CPU = Ad-Hoc|Any CPU
		Ad-Hoc|ARM = Ad-Hoc|ARM
		Ad-Hoc|iPhone = Ad-Hoc|iPhone
		Ad-Hoc|iPhoneSimulator = Ad-Hoc|iPhoneSimulator
		Ad-Hoc|x64 = Ad-Hoc|x64
		Ad-Hoc|x86 = Ad-Hoc|x86
		AppStore|Any CPU = AppStore|Any CPU
		AppStore|ARM = AppStore|ARM
		AppStore|iPhone = AppStore|iPhone
		AppStore|iPhoneSimulator = AppStore|iPhoneSimulator
		AppStore|x64 = AppStore|x64
		AppStore|x86 = AppStore|x86
		Debug|Any CPU = Debug|Any CPU
		Debug|ARM = Debug|ARM
		Debug|iPhone = Debug|iPhone
		Debug|iPhoneSimulator = Debug|iPhoneSimulator
		Debug|x64 = Debug|x64
		Debug|x86 = Debug|x86
		Release|Any CPU = Release|Any CPU
		Release|ARM = Release|ARM
		Release|iPhone = Release|iPhone
		Release|iPhoneSimulator = Release|iPhoneSimulator
		Release|x64 = Release|x64
		Release|x86 = Release|x86
	EndGlobalSection
	GlobalSection(ProjectConfigurationPlatforms) = postSolution
		{018B5167-6805-4E34-878B-D6C33E55BB1F}.Ad-Hoc|Any CPU.ActiveCfg = Release|Any CPU
		{018B5167-6805-4E34-878B-D6C33E55BB1F}.Ad-Hoc|Any CPU.Build.0 = Release|Any CPU
		{018B5167-6805-4E34-878B-D6C33E55BB1F}.Ad-Hoc|Any CPU.Deploy.0 = Release|Any CPU
		{018B5167-6805-4E34-878B-D6C33E55BB1F}.Ad-Hoc|ARM.ActiveCfg = Release|Any CPU
		{018B5167-6805-4E34-878B-D6C33E55BB1F}.Ad-Hoc|ARM.Build.0 = Release|Any CPU
		{018B5167-6805-4E34-878B-D6C33E55BB1F}.Ad-Hoc|ARM.Deploy.0 = Release|Any CPU
		{018B5167-6805-4E34-878B-D6C33E55BB1F}.Ad-Hoc|iPhone.ActiveCfg = Release|Any CPU
		{018B5167-6805-4E34-878B-D6C33E55BB1F}.Ad-Hoc|iPhone.Build.0 = Release|Any CPU
		{018B5167-6805-4E34-878B-D6C33E55BB1F}.Ad-Hoc|iPhone.Deploy.0 = Release|Any CPU
		{018B5167-6805-4E34-878B-D6C33E55BB1F}.Ad-Hoc|iPhoneSimulator.ActiveCfg = Release|Any CPU
		{018B5167-6805-4E34-878B-D6C33E55BB1F}.Ad-Hoc|iPhoneSimulator.Build.0 = Release|Any CPU
		{018B5167-6805-4E34-878B-D6C33E55BB1F}.Ad-Hoc|iPhoneSimulator.Deploy.0 = Release|Any CPU
		{018B5167-6805-4E34-878B-D6C33E55BB1F}.Ad-Hoc|x64.ActiveCfg = Release|Any CPU
		{018B5167-6805-4E34-878B-D6C33E55BB1F}.Ad-Hoc|x64.Build.0 = Release|Any CPU
		{018B5167-6805-4E34-878B-D6C33E55BB1F}.Ad-Hoc|x64.Deploy.0 = Release|Any CPU
		{018B5167-6805-4E34-878B-D6C33E55BB1F}.Ad-Hoc|x86.ActiveCfg = Release|Any CPU
		{018B5167-6805-4E34-878B-D6C33E55BB1F}.Ad-Hoc|x86.Build.0 = Release|Any CPU
		{018B5167-6805-4E34-878B-D6C33E55BB1F}.Ad-Hoc|x86.Deploy.0 = Release|Any CPU
		{018B5167-6805-4E34-878B-D6C33E55BB1F}.AppStore|Any CPU.ActiveCfg = Release|Any CPU
		{018B5167-6805-4E34-878B-D6C33E55BB1F}.AppStore|Any CPU.Build.0 = Release|Any CPU
		{018B5167-6805-4E34-878B-D6C33E55BB1F}.AppStore|Any CPU.Deploy.0 = Release|Any CPU
		{018B5167-6805-4E34-878B-D6C33E55BB1F}.AppStore|ARM.ActiveCfg = Release|Any CPU
		{018B5167-6805-4E34-878B-D6C33E55BB1F}.AppStore|ARM.Build.0 = Release|Any CPU
		{018B5167-6805-4E34-878B-D6C33E55BB1F}.AppStore|ARM.Deploy.0 = Release|Any CPU
		{018B5167-6805-4E34-878B-D6C33E55BB1F}.AppStore|iPhone.ActiveCfg = Release|Any CPU
		{018B5167-6805-4E34-878B-D6C33E55BB1F}.AppStore|iPhone.Build.0 = Release|Any CPU
		{018B5167-6805-4E34-878B-D6C33E55BB1F}.AppStore|iPhone.Deploy.0 = Release|Any CPU
		{018B5167-6805-4E34-878B-D6C33E55BB1F}.AppStore|iPhoneSimulator.ActiveCfg = Release|Any CPU
		{018B5167-6805-4E34-878B-D6C33E55BB1F}.AppStore|iPhoneSimulator.Build.0 = Release|Any CPU
		{018B5167-6805-4E34-878B-D6C33E55BB1F}.AppStore|iPhoneSimulator.Deploy.0 = Release|Any CPU
		{018B5167-6805-4E34-878B-D6C33E55BB1F}.AppStore|x64.ActiveCfg = Release|Any CPU
		{018B5167-6805-4E34-878B-D6C33E55BB1F}.AppStore|x64.Build.0 = Release|Any CPU
		{018B5167-6805-4E34-878B-D6C33E55BB1F}.AppStore|x64.Deploy.0 = Release|Any CPU
		{018B5167-6805-4E34-878B-D6C33E55BB1F}.AppStore|x86.ActiveCfg = Release|Any CPU
		{018B5167-6805-4E34-878B-D6C33E55BB1F}.AppStore|x86.Build.0 = Release|Any CPU
		{018B5167-6805-4E34-878B-D6C33E55BB1F}.AppStore|x86.Deploy.0 = Release|Any CPU
		{018B5167-6805-4E34-878B-D6C33E55BB1F}.Debug|Any CPU.ActiveCfg = Debug|Any CPU
		{018B5167-6805-4E34-878B-D6C33E55BB1F}.Debug|Any CPU.Build.0 = Debug|Any CPU
		{018B5167-6805-4E34-878B-D6C33E55BB1F}.Debug|Any CPU.Deploy.0 = Debug|Any CPU
		{018B5167-6805-4E34-878B-D6C33E55BB1F}.Debug|ARM.ActiveCfg = Debug|Any CPU
		{018B5167-6805-4E34-878B-D6C33E55BB1F}.Debug|ARM.Build.0 = Debug|Any CPU
		{018B5167-6805-4E34-878B-D6C33E55BB1F}.Debug|ARM.Deploy.0 = Debug|Any CPU
		{018B5167-6805-4E34-878B-D6C33E55BB1F}.Debug|iPhone.ActiveCfg = Debug|Any CPU
		{018B5167-6805-4E34-878B-D6C33E55BB1F}.Debug|iPhone.Build.0 = Debug|Any CPU
		{018B5167-6805-4E34-878B-D6C33E55BB1F}.Debug|iPhone.Deploy.0 = Debug|Any CPU
		{018B5167-6805-4E34-878B-D6C33E55BB1F}.Debug|iPhoneSimulator.ActiveCfg = Debug|Any CPU
		{018B5167-6805-4E34-878B-D6C33E55BB1F}.Debug|iPhoneSimulator.Build.0 = Debug|Any CPU
		{018B5167-6805-4E34-878B-D6C33E55BB1F}.Debug|iPhoneSimulator.Deploy.0 = Debug|Any CPU
		{018B5167-6805-4E34-878B-D6C33E55BB1F}.Debug|x64.ActiveCfg = Debug|Any CPU
		{018B5167-6805-4E34-878B-D6C33E55BB1F}.Debug|x64.Build.0 = Debug|Any CPU
		{018B5167-6805-4E34-878B-D6C33E55BB1F}.Debug|x64.Deploy.0 = Debug|Any CPU
		{018B5167-6805-4E34-878B-D6C33E55BB1F}.Debug|x86.ActiveCfg = Debug|Any CPU
		{018B5167-6805-4E34-878B-D6C33E55BB1F}.Debug|x86.Build.0 = Debug|Any CPU
		{018B5167-6805-4E34-878B-D6C33E55BB1F}.Debug|x86.Deploy.0 = Debug|Any CPU
		{018B5167-6805-4E34-878B-D6C33E55BB1F}.Release|Any CPU.ActiveCfg = Release|Any CPU
		{018B5167-6805-4E34-878B-D6C33E55BB1F}.Release|Any CPU.Build.0 = Release|Any CPU
		{018B5167-6805-4E34-878B-D6C33E55BB1F}.Release|Any CPU.Deploy.0 = Release|Any CPU
		{018B5167-6805-4E34-878B-D6C33E55BB1F}.Release|ARM.ActiveCfg = Release|Any CPU
		{018B5167-6805-4E34-878B-D6C33E55BB1F}.Release|ARM.Build.0 = Release|Any CPU
		{018B5167-6805-4E34-878B-D6C33E55BB1F}.Release|ARM.Deploy.0 = Release|Any CPU
		{018B5167-6805-4E34-878B-D6C33E55BB1F}.Release|iPhone.ActiveCfg = Release|Any CPU
		{018B5167-6805-4E34-878B-D6C33E55BB1F}.Release|iPhone.Build.0 = Release|Any CPU
		{018B5167-6805-4E34-878B-D6C33E55BB1F}.Release|iPhone.Deploy.0 = Release|Any CPU
		{018B5167-6805-4E34-878B-D6C33E55BB1F}.Release|iPhoneSimulator.ActiveCfg = Release|Any CPU
		{018B5167-6805-4E34-878B-D6C33E55BB1F}.Release|iPhoneSimulator.Build.0 = Release|Any CPU
		{018B5167-6805-4E34-878B-D6C33E55BB1F}.Release|iPhoneSimulator.Deploy.0 = Release|Any CPU
		{018B5167-6805-4E34-878B-D6C33E55BB1F}.Release|x64.ActiveCfg = Release|Any CPU
		{018B5167-6805-4E34-878B-D6C33E55BB1F}.Release|x64.Build.0 = Release|Any CPU
		{018B5167-6805-4E34-878B-D6C33E55BB1F}.Release|x64.Deploy.0 = Release|Any CPU
		{018B5167-6805-4E34-878B-D6C33E55BB1F}.Release|x86.ActiveCfg = Release|Any CPU
		{018B5167-6805-4E34-878B-D6C33E55BB1F}.Release|x86.Build.0 = Release|Any CPU
		{018B5167-6805-4E34-878B-D6C33E55BB1F}.Release|x86.Deploy.0 = Release|Any CPU
		{76393949-0E87-4E0C-9596-9DBE0DA9EEE1}.Ad-Hoc|Any CPU.ActiveCfg = Ad-Hoc|iPhone
		{76393949-0E87-4E0C-9596-9DBE0DA9EEE1}.Ad-Hoc|Any CPU.Build.0 = Ad-Hoc|iPhone
		{76393949-0E87-4E0C-9596-9DBE0DA9EEE1}.Ad-Hoc|Any CPU.Deploy.0 = Ad-Hoc|iPhone
		{76393949-0E87-4E0C-9596-9DBE0DA9EEE1}.Ad-Hoc|ARM.ActiveCfg = Ad-Hoc|iPhone
		{76393949-0E87-4E0C-9596-9DBE0DA9EEE1}.Ad-Hoc|ARM.Build.0 = Ad-Hoc|iPhone
		{76393949-0E87-4E0C-9596-9DBE0DA9EEE1}.Ad-Hoc|ARM.Deploy.0 = Ad-Hoc|iPhone
		{76393949-0E87-4E0C-9596-9DBE0DA9EEE1}.Ad-Hoc|iPhone.ActiveCfg = Ad-Hoc|iPhone
		{76393949-0E87-4E0C-9596-9DBE0DA9EEE1}.Ad-Hoc|iPhone.Build.0 = Ad-Hoc|iPhone
		{76393949-0E87-4E0C-9596-9DBE0DA9EEE1}.Ad-Hoc|iPhone.Deploy.0 = Ad-Hoc|iPhone
		{76393949-0E87-4E0C-9596-9DBE0DA9EEE1}.Ad-Hoc|iPhoneSimulator.ActiveCfg = Ad-Hoc|iPhoneSimulator
		{76393949-0E87-4E0C-9596-9DBE0DA9EEE1}.Ad-Hoc|iPhoneSimulator.Build.0 = Ad-Hoc|iPhoneSimulator
		{76393949-0E87-4E0C-9596-9DBE0DA9EEE1}.Ad-Hoc|iPhoneSimulator.Deploy.0 = Ad-Hoc|iPhoneSimulator
		{76393949-0E87-4E0C-9596-9DBE0DA9EEE1}.Ad-Hoc|x64.ActiveCfg = Ad-Hoc|iPhone
		{76393949-0E87-4E0C-9596-9DBE0DA9EEE1}.Ad-Hoc|x64.Build.0 = Ad-Hoc|iPhone
		{76393949-0E87-4E0C-9596-9DBE0DA9EEE1}.Ad-Hoc|x64.Deploy.0 = Ad-Hoc|iPhone
		{76393949-0E87-4E0C-9596-9DBE0DA9EEE1}.Ad-Hoc|x86.ActiveCfg = Ad-Hoc|iPhone
		{76393949-0E87-4E0C-9596-9DBE0DA9EEE1}.Ad-Hoc|x86.Build.0 = Ad-Hoc|iPhone
		{76393949-0E87-4E0C-9596-9DBE0DA9EEE1}.Ad-Hoc|x86.Deploy.0 = Ad-Hoc|iPhone
		{76393949-0E87-4E0C-9596-9DBE0DA9EEE1}.AppStore|Any CPU.ActiveCfg = AppStore|iPhone
		{76393949-0E87-4E0C-9596-9DBE0DA9EEE1}.AppStore|Any CPU.Build.0 = AppStore|iPhone
		{76393949-0E87-4E0C-9596-9DBE0DA9EEE1}.AppStore|Any CPU.Deploy.0 = AppStore|iPhone
		{76393949-0E87-4E0C-9596-9DBE0DA9EEE1}.AppStore|ARM.ActiveCfg = AppStore|iPhone
		{76393949-0E87-4E0C-9596-9DBE0DA9EEE1}.AppStore|ARM.Build.0 = AppStore|iPhone
		{76393949-0E87-4E0C-9596-9DBE0DA9EEE1}.AppStore|ARM.Deploy.0 = AppStore|iPhone
		{76393949-0E87-4E0C-9596-9DBE0DA9EEE1}.AppStore|iPhone.ActiveCfg = AppStore|iPhone
		{76393949-0E87-4E0C-9596-9DBE0DA9EEE1}.AppStore|iPhone.Build.0 = AppStore|iPhone
		{76393949-0E87-4E0C-9596-9DBE0DA9EEE1}.AppStore|iPhone.Deploy.0 = AppStore|iPhone
		{76393949-0E87-4E0C-9596-9DBE0DA9EEE1}.AppStore|iPhoneSimulator.ActiveCfg = AppStore|iPhoneSimulator
		{76393949-0E87-4E0C-9596-9DBE0DA9EEE1}.AppStore|iPhoneSimulator.Build.0 = AppStore|iPhoneSimulator
		{76393949-0E87-4E0C-9596-9DBE0DA9EEE1}.AppStore|iPhoneSimulator.Deploy.0 = AppStore|iPhoneSimulator
		{76393949-0E87-4E0C-9596-9DBE0DA9EEE1}.AppStore|x64.ActiveCfg = AppStore|iPhone
		{76393949-0E87-4E0C-9596-9DBE0DA9EEE1}.AppStore|x64.Build.0 = AppStore|iPhone
		{76393949-0E87-4E0C-9596-9DBE0DA9EEE1}.AppStore|x64.Deploy.0 = AppStore|iPhone
		{76393949-0E87-4E0C-9596-9DBE0DA9EEE1}.AppStore|x86.ActiveCfg = AppStore|iPhone
		{76393949-0E87-4E0C-9596-9DBE0DA9EEE1}.AppStore|x86.Build.0 = AppStore|iPhone
		{76393949-0E87-4E0C-9596-9DBE0DA9EEE1}.AppStore|x86.Deploy.0 = AppStore|iPhone
		{76393949-0E87-4E0C-9596-9DBE0DA9EEE1}.Debug|Any CPU.ActiveCfg = Debug|iPhoneSimulator
		{76393949-0E87-4E0C-9596-9DBE0DA9EEE1}.Debug|Any CPU.Build.0 = Debug|iPhoneSimulator
		{76393949-0E87-4E0C-9596-9DBE0DA9EEE1}.Debug|Any CPU.Deploy.0 = Debug|iPhoneSimulator
		{76393949-0E87-4E0C-9596-9DBE0DA9EEE1}.Debug|ARM.ActiveCfg = Debug|iPhone
		{76393949-0E87-4E0C-9596-9DBE0DA9EEE1}.Debug|ARM.Build.0 = Debug|iPhone
		{76393949-0E87-4E0C-9596-9DBE0DA9EEE1}.Debug|ARM.Deploy.0 = Debug|iPhone
		{76393949-0E87-4E0C-9596-9DBE0DA9EEE1}.Debug|iPhone.ActiveCfg = Debug|iPhone
		{76393949-0E87-4E0C-9596-9DBE0DA9EEE1}.Debug|iPhone.Build.0 = Debug|iPhone
		{76393949-0E87-4E0C-9596-9DBE0DA9EEE1}.Debug|iPhone.Deploy.0 = Debug|iPhone
		{76393949-0E87-4E0C-9596-9DBE0DA9EEE1}.Debug|iPhoneSimulator.ActiveCfg = Debug|iPhoneSimulator
		{76393949-0E87-4E0C-9596-9DBE0DA9EEE1}.Debug|iPhoneSimulator.Build.0 = Debug|iPhoneSimulator
		{76393949-0E87-4E0C-9596-9DBE0DA9EEE1}.Debug|iPhoneSimulator.Deploy.0 = Debug|iPhoneSimulator
		{76393949-0E87-4E0C-9596-9DBE0DA9EEE1}.Debug|x64.ActiveCfg = Debug|iPhone
		{76393949-0E87-4E0C-9596-9DBE0DA9EEE1}.Debug|x64.Build.0 = Debug|iPhone
		{76393949-0E87-4E0C-9596-9DBE0DA9EEE1}.Debug|x64.Deploy.0 = Debug|iPhone
		{76393949-0E87-4E0C-9596-9DBE0DA9EEE1}.Debug|x86.ActiveCfg = Debug|iPhone
		{76393949-0E87-4E0C-9596-9DBE0DA9EEE1}.Debug|x86.Build.0 = Debug|iPhone
		{76393949-0E87-4E0C-9596-9DBE0DA9EEE1}.Debug|x86.Deploy.0 = Debug|iPhone
		{76393949-0E87-4E0C-9596-9DBE0DA9EEE1}.Release|Any CPU.ActiveCfg = Release|iPhone
		{76393949-0E87-4E0C-9596-9DBE0DA9EEE1}.Release|Any CPU.Build.0 = Release|iPhone
		{76393949-0E87-4E0C-9596-9DBE0DA9EEE1}.Release|Any CPU.Deploy.0 = Release|iPhone
		{76393949-0E87-4E0C-9596-9DBE0DA9EEE1}.Release|ARM.ActiveCfg = Release|iPhone
		{76393949-0E87-4E0C-9596-9DBE0DA9EEE1}.Release|ARM.Build.0 = Release|iPhone
		{76393949-0E87-4E0C-9596-9DBE0DA9EEE1}.Release|ARM.Deploy.0 = Release|iPhone
		{76393949-0E87-4E0C-9596-9DBE0DA9EEE1}.Release|iPhone.ActiveCfg = Release|iPhone
		{76393949-0E87-4E0C-9596-9DBE0DA9EEE1}.Release|iPhone.Build.0 = Release|iPhone
		{76393949-0E87-4E0C-9596-9DBE0DA9EEE1}.Release|iPhone.Deploy.0 = Release|iPhone
		{76393949-0E87-4E0C-9596-9DBE0DA9EEE1}.Release|iPhoneSimulator.ActiveCfg = Release|iPhoneSimulator
		{76393949-0E87-4E0C-9596-9DBE0DA9EEE1}.Release|iPhoneSimulator.Build.0 = Release|iPhoneSimulator
		{76393949-0E87-4E0C-9596-9DBE0DA9EEE1}.Release|iPhoneSimulator.Deploy.0 = Release|iPhoneSimulator
		{76393949-0E87-4E0C-9596-9DBE0DA9EEE1}.Release|x64.ActiveCfg = Release|iPhone
		{76393949-0E87-4E0C-9596-9DBE0DA9EEE1}.Release|x64.Build.0 = Release|iPhone
		{76393949-0E87-4E0C-9596-9DBE0DA9EEE1}.Release|x64.Deploy.0 = Release|iPhone
		{76393949-0E87-4E0C-9596-9DBE0DA9EEE1}.Release|x86.ActiveCfg = Release|iPhone
		{76393949-0E87-4E0C-9596-9DBE0DA9EEE1}.Release|x86.Build.0 = Release|iPhone
		{76393949-0E87-4E0C-9596-9DBE0DA9EEE1}.Release|x86.Deploy.0 = Release|iPhone
		{5614668F-DFD3-426B-91C6-927DC66E947E}.Ad-Hoc|Any CPU.ActiveCfg = Release|x86
		{5614668F-DFD3-426B-91C6-927DC66E947E}.Ad-Hoc|Any CPU.Build.0 = Release|x86
		{5614668F-DFD3-426B-91C6-927DC66E947E}.Ad-Hoc|Any CPU.Deploy.0 = Release|x86
		{5614668F-DFD3-426B-91C6-927DC66E947E}.Ad-Hoc|ARM.ActiveCfg = Release|ARM
		{5614668F-DFD3-426B-91C6-927DC66E947E}.Ad-Hoc|ARM.Build.0 = Release|ARM
		{5614668F-DFD3-426B-91C6-927DC66E947E}.Ad-Hoc|ARM.Deploy.0 = Release|ARM
		{5614668F-DFD3-426B-91C6-927DC66E947E}.Ad-Hoc|iPhone.ActiveCfg = Release|x86
		{5614668F-DFD3-426B-91C6-927DC66E947E}.Ad-Hoc|iPhone.Build.0 = Release|x86
		{5614668F-DFD3-426B-91C6-927DC66E947E}.Ad-Hoc|iPhone.Deploy.0 = Release|x86
		{5614668F-DFD3-426B-91C6-927DC66E947E}.Ad-Hoc|iPhoneSimulator.ActiveCfg = Release|x86
		{5614668F-DFD3-426B-91C6-927DC66E947E}.Ad-Hoc|iPhoneSimulator.Build.0 = Release|x86
		{5614668F-DFD3-426B-91C6-927DC66E947E}.Ad-Hoc|iPhoneSimulator.Deploy.0 = Release|x86
		{5614668F-DFD3-426B-91C6-927DC66E947E}.Ad-Hoc|x64.ActiveCfg = Release|x64
		{5614668F-DFD3-426B-91C6-927DC66E947E}.Ad-Hoc|x64.Build.0 = Release|x64
		{5614668F-DFD3-426B-91C6-927DC66E947E}.Ad-Hoc|x64.Deploy.0 = Release|x64
		{5614668F-DFD3-426B-91C6-927DC66E947E}.Ad-Hoc|x86.ActiveCfg = Release|x86
		{5614668F-DFD3-426B-91C6-927DC66E947E}.Ad-Hoc|x86.Build.0 = Release|x86
		{5614668F-DFD3-426B-91C6-927DC66E947E}.Ad-Hoc|x86.Deploy.0 = Release|x86
		{5614668F-DFD3-426B-91C6-927DC66E947E}.AppStore|Any CPU.ActiveCfg = Release|x86
		{5614668F-DFD3-426B-91C6-927DC66E947E}.AppStore|Any CPU.Build.0 = Release|x86
		{5614668F-DFD3-426B-91C6-927DC66E947E}.AppStore|Any CPU.Deploy.0 = Release|x86
		{5614668F-DFD3-426B-91C6-927DC66E947E}.AppStore|ARM.ActiveCfg = Release|ARM
		{5614668F-DFD3-426B-91C6-927DC66E947E}.AppStore|ARM.Build.0 = Release|ARM
		{5614668F-DFD3-426B-91C6-927DC66E947E}.AppStore|ARM.Deploy.0 = Release|ARM
		{5614668F-DFD3-426B-91C6-927DC66E947E}.AppStore|iPhone.ActiveCfg = Release|x86
		{5614668F-DFD3-426B-91C6-927DC66E947E}.AppStore|iPhone.Build.0 = Release|x86
		{5614668F-DFD3-426B-91C6-927DC66E947E}.AppStore|iPhone.Deploy.0 = Release|x86
		{5614668F-DFD3-426B-91C6-927DC66E947E}.AppStore|iPhoneSimulator.ActiveCfg = Release|x86
		{5614668F-DFD3-426B-91C6-927DC66E947E}.AppStore|iPhoneSimulator.Build.0 = Release|x86
		{5614668F-DFD3-426B-91C6-927DC66E947E}.AppStore|iPhoneSimulator.Deploy.0 = Release|x86
		{5614668F-DFD3-426B-91C6-927DC66E947E}.AppStore|x64.ActiveCfg = Release|x64
		{5614668F-DFD3-426B-91C6-927DC66E947E}.AppStore|x64.Build.0 = Release|x64
		{5614668F-DFD3-426B-91C6-927DC66E947E}.AppStore|x64.Deploy.0 = Release|x64
		{5614668F-DFD3-426B-91C6-927DC66E947E}.AppStore|x86.ActiveCfg = Release|x86
		{5614668F-DFD3-426B-91C6-927DC66E947E}.AppStore|x86.Build.0 = Release|x86
		{5614668F-DFD3-426B-91C6-927DC66E947E}.AppStore|x86.Deploy.0 = Release|x86
		{5614668F-DFD3-426B-91C6-927DC66E947E}.Debug|Any CPU.ActiveCfg = Debug|x86
		{5614668F-DFD3-426B-91C6-927DC66E947E}.Debug|Any CPU.Build.0 = Debug|x86
		{5614668F-DFD3-426B-91C6-927DC66E947E}.Debug|Any CPU.Deploy.0 = Debug|x86
		{5614668F-DFD3-426B-91C6-927DC66E947E}.Debug|ARM.ActiveCfg = Debug|ARM
		{5614668F-DFD3-426B-91C6-927DC66E947E}.Debug|ARM.Build.0 = Debug|ARM
		{5614668F-DFD3-426B-91C6-927DC66E947E}.Debug|ARM.Deploy.0 = Debug|ARM
		{5614668F-DFD3-426B-91C6-927DC66E947E}.Debug|iPhone.ActiveCfg = Debug|x86
		{5614668F-DFD3-426B-91C6-927DC66E947E}.Debug|iPhone.Build.0 = Debug|x86
		{5614668F-DFD3-426B-91C6-927DC66E947E}.Debug|iPhone.Deploy.0 = Debug|x86
		{5614668F-DFD3-426B-91C6-927DC66E947E}.Debug|iPhoneSimulator.ActiveCfg = Debug|x86
		{5614668F-DFD3-426B-91C6-927DC66E947E}.Debug|iPhoneSimulator.Build.0 = Debug|x86
		{5614668F-DFD3-426B-91C6-927DC66E947E}.Debug|iPhoneSimulator.Deploy.0 = Debug|x86
		{5614668F-DFD3-426B-91C6-927DC66E947E}.Debug|x64.ActiveCfg = Debug|x64
		{5614668F-DFD3-426B-91C6-927DC66E947E}.Debug|x64.Build.0 = Debug|x64
		{5614668F-DFD3-426B-91C6-927DC66E947E}.Debug|x64.Deploy.0 = Debug|x64
		{5614668F-DFD3-426B-91C6-927DC66E947E}.Debug|x86.ActiveCfg = Debug|x86
		{5614668F-DFD3-426B-91C6-927DC66E947E}.Debug|x86.Build.0 = Debug|x86
		{5614668F-DFD3-426B-91C6-927DC66E947E}.Debug|x86.Deploy.0 = Debug|x86
		{5614668F-DFD3-426B-91C6-927DC66E947E}.Release|Any CPU.ActiveCfg = Release|x86
		{5614668F-DFD3-426B-91C6-927DC66E947E}.Release|Any CPU.Build.0 = Release|x86
		{5614668F-DFD3-426B-91C6-927DC66E947E}.Release|Any CPU.Deploy.0 = Release|x86
		{5614668F-DFD3-426B-91C6-927DC66E947E}.Release|ARM.ActiveCfg = Release|ARM
		{5614668F-DFD3-426B-91C6-927DC66E947E}.Release|ARM.Build.0 = Release|ARM
		{5614668F-DFD3-426B-91C6-927DC66E947E}.Release|ARM.Deploy.0 = Release|ARM
		{5614668F-DFD3-426B-91C6-927DC66E947E}.Release|iPhone.ActiveCfg = Release|x86
		{5614668F-DFD3-426B-91C6-927DC66E947E}.Release|iPhone.Build.0 = Release|x86
		{5614668F-DFD3-426B-91C6-927DC66E947E}.Release|iPhone.Deploy.0 = Release|x86
		{5614668F-DFD3-426B-91C6-927DC66E947E}.Release|iPhoneSimulator.ActiveCfg = Release|x86
		{5614668F-DFD3-426B-91C6-927DC66E947E}.Release|iPhoneSimulator.Build.0 = Release|x86
		{5614668F-DFD3-426B-91C6-927DC66E947E}.Release|iPhoneSimulator.Deploy.0 = Release|x86
		{5614668F-DFD3-426B-91C6-927DC66E947E}.Release|x64.ActiveCfg = Release|x64
		{5614668F-DFD3-426B-91C6-927DC66E947E}.Release|x64.Build.0 = Release|x64
		{5614668F-DFD3-426B-91C6-927DC66E947E}.Release|x64.Deploy.0 = Release|x64
		{5614668F-DFD3-426B-91C6-927DC66E947E}.Release|x86.ActiveCfg = Release|x86
		{5614668F-DFD3-426B-91C6-927DC66E947E}.Release|x86.Build.0 = Release|x86
		{5614668F-DFD3-426B-91C6-927DC66E947E}.Release|x86.Deploy.0 = Release|x86
		{D1D792AD-75A2-46D7-936D-53AF86E40A2A}.Ad-Hoc|Any CPU.ActiveCfg = Debug|Any CPU
		{D1D792AD-75A2-46D7-936D-53AF86E40A2A}.Ad-Hoc|Any CPU.Build.0 = Debug|Any CPU
		{D1D792AD-75A2-46D7-936D-53AF86E40A2A}.Ad-Hoc|Any CPU.Deploy.0 = Debug|Any CPU
		{D1D792AD-75A2-46D7-936D-53AF86E40A2A}.Ad-Hoc|ARM.ActiveCfg = Debug|Any CPU
		{D1D792AD-75A2-46D7-936D-53AF86E40A2A}.Ad-Hoc|ARM.Build.0 = Debug|Any CPU
		{D1D792AD-75A2-46D7-936D-53AF86E40A2A}.Ad-Hoc|ARM.Deploy.0 = Debug|Any CPU
		{D1D792AD-75A2-46D7-936D-53AF86E40A2A}.Ad-Hoc|iPhone.ActiveCfg = Debug|Any CPU
		{D1D792AD-75A2-46D7-936D-53AF86E40A2A}.Ad-Hoc|iPhone.Build.0 = Debug|Any CPU
		{D1D792AD-75A2-46D7-936D-53AF86E40A2A}.Ad-Hoc|iPhone.Deploy.0 = Debug|Any CPU
		{D1D792AD-75A2-46D7-936D-53AF86E40A2A}.Ad-Hoc|iPhoneSimulator.ActiveCfg = Debug|Any CPU
		{D1D792AD-75A2-46D7-936D-53AF86E40A2A}.Ad-Hoc|iPhoneSimulator.Build.0 = Debug|Any CPU
		{D1D792AD-75A2-46D7-936D-53AF86E40A2A}.Ad-Hoc|iPhoneSimulator.Deploy.0 = Debug|Any CPU
		{D1D792AD-75A2-46D7-936D-53AF86E40A2A}.Ad-Hoc|x64.ActiveCfg = Debug|Any CPU
		{D1D792AD-75A2-46D7-936D-53AF86E40A2A}.Ad-Hoc|x64.Build.0 = Debug|Any CPU
		{D1D792AD-75A2-46D7-936D-53AF86E40A2A}.Ad-Hoc|x64.Deploy.0 = Debug|Any CPU
		{D1D792AD-75A2-46D7-936D-53AF86E40A2A}.Ad-Hoc|x86.ActiveCfg = Debug|Any CPU
		{D1D792AD-75A2-46D7-936D-53AF86E40A2A}.Ad-Hoc|x86.Build.0 = Debug|Any CPU
		{D1D792AD-75A2-46D7-936D-53AF86E40A2A}.Ad-Hoc|x86.Deploy.0 = Debug|Any CPU
		{D1D792AD-75A2-46D7-936D-53AF86E40A2A}.AppStore|Any CPU.ActiveCfg = Debug|Any CPU
		{D1D792AD-75A2-46D7-936D-53AF86E40A2A}.AppStore|Any CPU.Build.0 = Debug|Any CPU
		{D1D792AD-75A2-46D7-936D-53AF86E40A2A}.AppStore|Any CPU.Deploy.0 = Debug|Any CPU
		{D1D792AD-75A2-46D7-936D-53AF86E40A2A}.AppStore|ARM.ActiveCfg = Debug|Any CPU
		{D1D792AD-75A2-46D7-936D-53AF86E40A2A}.AppStore|ARM.Build.0 = Debug|Any CPU
		{D1D792AD-75A2-46D7-936D-53AF86E40A2A}.AppStore|ARM.Deploy.0 = Debug|Any CPU
		{D1D792AD-75A2-46D7-936D-53AF86E40A2A}.AppStore|iPhone.ActiveCfg = Debug|Any CPU
		{D1D792AD-75A2-46D7-936D-53AF86E40A2A}.AppStore|iPhone.Build.0 = Debug|Any CPU
		{D1D792AD-75A2-46D7-936D-53AF86E40A2A}.AppStore|iPhone.Deploy.0 = Debug|Any CPU
		{D1D792AD-75A2-46D7-936D-53AF86E40A2A}.AppStore|iPhoneSimulator.ActiveCfg = Debug|Any CPU
		{D1D792AD-75A2-46D7-936D-53AF86E40A2A}.AppStore|iPhoneSimulator.Build.0 = Debug|Any CPU
		{D1D792AD-75A2-46D7-936D-53AF86E40A2A}.AppStore|iPhoneSimulator.Deploy.0 = Debug|Any CPU
		{D1D792AD-75A2-46D7-936D-53AF86E40A2A}.AppStore|x64.ActiveCfg = Debug|Any CPU
		{D1D792AD-75A2-46D7-936D-53AF86E40A2A}.AppStore|x64.Build.0 = Debug|Any CPU
		{D1D792AD-75A2-46D7-936D-53AF86E40A2A}.AppStore|x64.Deploy.0 = Debug|Any CPU
		{D1D792AD-75A2-46D7-936D-53AF86E40A2A}.AppStore|x86.ActiveCfg = Debug|Any CPU
		{D1D792AD-75A2-46D7-936D-53AF86E40A2A}.AppStore|x86.Build.0 = Debug|Any CPU
		{D1D792AD-75A2-46D7-936D-53AF86E40A2A}.AppStore|x86.Deploy.0 = Debug|Any CPU
		{D1D792AD-75A2-46D7-936D-53AF86E40A2A}.Debug|Any CPU.ActiveCfg = Debug|Any CPU
		{D1D792AD-75A2-46D7-936D-53AF86E40A2A}.Debug|Any CPU.Build.0 = Debug|Any CPU
		{D1D792AD-75A2-46D7-936D-53AF86E40A2A}.Debug|Any CPU.Deploy.0 = Debug|Any CPU
		{D1D792AD-75A2-46D7-936D-53AF86E40A2A}.Debug|ARM.ActiveCfg = Debug|Any CPU
		{D1D792AD-75A2-46D7-936D-53AF86E40A2A}.Debug|ARM.Build.0 = Debug|Any CPU
		{D1D792AD-75A2-46D7-936D-53AF86E40A2A}.Debug|ARM.Deploy.0 = Debug|Any CPU
		{D1D792AD-75A2-46D7-936D-53AF86E40A2A}.Debug|iPhone.ActiveCfg = Debug|Any CPU
		{D1D792AD-75A2-46D7-936D-53AF86E40A2A}.Debug|iPhone.Build.0 = Debug|Any CPU
		{D1D792AD-75A2-46D7-936D-53AF86E40A2A}.Debug|iPhone.Deploy.0 = Debug|Any CPU
		{D1D792AD-75A2-46D7-936D-53AF86E40A2A}.Debug|iPhoneSimulator.ActiveCfg = Debug|Any CPU
		{D1D792AD-75A2-46D7-936D-53AF86E40A2A}.Debug|iPhoneSimulator.Build.0 = Debug|Any CPU
		{D1D792AD-75A2-46D7-936D-53AF86E40A2A}.Debug|iPhoneSimulator.Deploy.0 = Debug|Any CPU
		{D1D792AD-75A2-46D7-936D-53AF86E40A2A}.Debug|x64.ActiveCfg = Debug|Any CPU
		{D1D792AD-75A2-46D7-936D-53AF86E40A2A}.Debug|x64.Build.0 = Debug|Any CPU
		{D1D792AD-75A2-46D7-936D-53AF86E40A2A}.Debug|x64.Deploy.0 = Debug|Any CPU
		{D1D792AD-75A2-46D7-936D-53AF86E40A2A}.Debug|x86.ActiveCfg = Debug|Any CPU
		{D1D792AD-75A2-46D7-936D-53AF86E40A2A}.Debug|x86.Build.0 = Debug|Any CPU
		{D1D792AD-75A2-46D7-936D-53AF86E40A2A}.Debug|x86.Deploy.0 = Debug|Any CPU
		{D1D792AD-75A2-46D7-936D-53AF86E40A2A}.Release|Any CPU.ActiveCfg = Release|Any CPU
		{D1D792AD-75A2-46D7-936D-53AF86E40A2A}.Release|Any CPU.Build.0 = Release|Any CPU
		{D1D792AD-75A2-46D7-936D-53AF86E40A2A}.Release|Any CPU.Deploy.0 = Release|Any CPU
		{D1D792AD-75A2-46D7-936D-53AF86E40A2A}.Release|ARM.ActiveCfg = Release|Any CPU
		{D1D792AD-75A2-46D7-936D-53AF86E40A2A}.Release|ARM.Build.0 = Release|Any CPU
		{D1D792AD-75A2-46D7-936D-53AF86E40A2A}.Release|ARM.Deploy.0 = Release|Any CPU
		{D1D792AD-75A2-46D7-936D-53AF86E40A2A}.Release|iPhone.ActiveCfg = Release|Any CPU
		{D1D792AD-75A2-46D7-936D-53AF86E40A2A}.Release|iPhone.Build.0 = Release|Any CPU
		{D1D792AD-75A2-46D7-936D-53AF86E40A2A}.Release|iPhone.Deploy.0 = Release|Any CPU
		{D1D792AD-75A2-46D7-936D-53AF86E40A2A}.Release|iPhoneSimulator.ActiveCfg = Release|Any CPU
		{D1D792AD-75A2-46D7-936D-53AF86E40A2A}.Release|iPhoneSimulator.Build.0 = Release|Any CPU
		{D1D792AD-75A2-46D7-936D-53AF86E40A2A}.Release|iPhoneSimulator.Deploy.0 = Release|Any CPU
		{D1D792AD-75A2-46D7-936D-53AF86E40A2A}.Release|x64.ActiveCfg = Release|Any CPU
		{D1D792AD-75A2-46D7-936D-53AF86E40A2A}.Release|x64.Build.0 = Release|Any CPU
		{D1D792AD-75A2-46D7-936D-53AF86E40A2A}.Release|x64.Deploy.0 = Release|Any CPU
		{D1D792AD-75A2-46D7-936D-53AF86E40A2A}.Release|x86.ActiveCfg = Release|Any CPU
		{D1D792AD-75A2-46D7-936D-53AF86E40A2A}.Release|x86.Build.0 = Release|Any CPU
		{D1D792AD-75A2-46D7-936D-53AF86E40A2A}.Release|x86.Deploy.0 = Release|Any CPU
	EndGlobalSection
	GlobalSection(SolutionProperties) = preSolution
		HideSolutionNode = FALSE
	EndGlobalSection
	GlobalSection(ExtensibilityGlobals) = postSolution
		SolutionGuid = {9E3A7EB2-5F69-4BE9-9FE5-EE870939524F}
	EndGlobalSection
EndGlobal
