
Microsoft Visual Studio Solution File, Format Version 12.00
# Visual Studio 2013
VisualStudioVersion = 12.0.30723.0
MinimumVisualStudioVersion = 10.0.40219.1
Project("{FAE04EC0-301F-11D3-BF4B-00C04F79EFBC}") = "PageFlipper", "PageFlipper\PageFlipper\PageFlipper.csproj", "{FB8931CB-5221-4809-8C4C-4DA1DC37B501}"
EndProject
Project("{FAE04EC0-301F-11D3-BF4B-00C04F79EFBC}") = "PageFlipper.iOS", "PageFlipper\PageFlipper.iOS\PageFlipper.iOS.csproj", "{75994906-75F0-4E25-81BC-FD3469897FAC}"
EndProject
Project("{FAE04EC0-301F-11D3-BF4B-00C04F79EFBC}") = "PageFlipper.Droid", "PageFlipper\PageFlipper.Droid\PageFlipper.Droid.csproj", "{EA4A0621-BF06-4126-A05C-72440F169FBB}"
EndProject
Project("{FAE04EC0-301F-11D3-BF4B-00C04F79EFBC}") = "PageFlipper.WinPhone", "PageFlipper\PageFlipper.WinPhone\PageFlipper.WinPhone.csproj", "{E0901210-03DE-41A6-96ED-EF58ECD1170F}"
EndProject
Global
	GlobalSection(SolutionConfigurationPlatforms) = preSolution
		Ad-Hoc|Any CPU = Ad-Hoc|Any CPU
		Ad-Hoc|ARM = Ad-Hoc|ARM
		Ad-Hoc|iPhone = Ad-Hoc|iPhone
		Ad-Hoc|iPhoneSimulator = Ad-Hoc|iPhoneSimulator
		Ad-Hoc|Mixed Platforms = Ad-Hoc|Mixed Platforms
		Ad-Hoc|x86 = Ad-Hoc|x86
		AppStore|Any CPU = AppStore|Any CPU
		AppStore|ARM = AppStore|ARM
		AppStore|iPhone = AppStore|iPhone
		AppStore|iPhoneSimulator = AppStore|iPhoneSimulator
		AppStore|Mixed Platforms = AppStore|Mixed Platforms
		AppStore|x86 = AppStore|x86
		Debug|Any CPU = Debug|Any CPU
		Debug|ARM = Debug|ARM
		Debug|iPhone = Debug|iPhone
		Debug|iPhoneSimulator = Debug|iPhoneSimulator
		Debug|Mixed Platforms = Debug|Mixed Platforms
		Debug|x86 = Debug|x86
		Release|Any CPU = Release|Any CPU
		Release|ARM = Release|ARM
		Release|iPhone = Release|iPhone
		Release|iPhoneSimulator = Release|iPhoneSimulator
		Release|Mixed Platforms = Release|Mixed Platforms
		Release|x86 = Release|x86
	EndGlobalSection
	GlobalSection(ProjectConfigurationPlatforms) = postSolution
		{FB8931CB-5221-4809-8C4C-4DA1DC37B501}.Ad-Hoc|Any CPU.ActiveCfg = Release|Any CPU
		{FB8931CB-5221-4809-8C4C-4DA1DC37B501}.Ad-Hoc|Any CPU.Build.0 = Release|Any CPU
		{FB8931CB-5221-4809-8C4C-4DA1DC37B501}.Ad-Hoc|ARM.ActiveCfg = Release|Any CPU
		{FB8931CB-5221-4809-8C4C-4DA1DC37B501}.Ad-Hoc|iPhone.ActiveCfg = Release|Any CPU
		{FB8931CB-5221-4809-8C4C-4DA1DC37B501}.Ad-Hoc|iPhoneSimulator.ActiveCfg = Release|Any CPU
		{FB8931CB-5221-4809-8C4C-4DA1DC37B501}.Ad-Hoc|Mixed Platforms.ActiveCfg = Release|Any CPU
		{FB8931CB-5221-4809-8C4C-4DA1DC37B501}.Ad-Hoc|Mixed Platforms.Build.0 = Release|Any CPU
		{FB8931CB-5221-4809-8C4C-4DA1DC37B501}.Ad-Hoc|x86.ActiveCfg = Release|Any CPU
		{FB8931CB-5221-4809-8C4C-4DA1DC37B501}.AppStore|Any CPU.ActiveCfg = Release|Any CPU
		{FB8931CB-5221-4809-8C4C-4DA1DC37B501}.AppStore|Any CPU.Build.0 = Release|Any CPU
		{FB8931CB-5221-4809-8C4C-4DA1DC37B501}.AppStore|ARM.ActiveCfg = Release|Any CPU
		{FB8931CB-5221-4809-8C4C-4DA1DC37B501}.AppStore|iPhone.ActiveCfg = Release|Any CPU
		{FB8931CB-5221-4809-8C4C-4DA1DC37B501}.AppStore|iPhoneSimulator.ActiveCfg = Release|Any CPU
		{FB8931CB-5221-4809-8C4C-4DA1DC37B501}.AppStore|Mixed Platforms.ActiveCfg = Release|Any CPU
		{FB8931CB-5221-4809-8C4C-4DA1DC37B501}.AppStore|Mixed Platforms.Build.0 = Release|Any CPU
		{FB8931CB-5221-4809-8C4C-4DA1DC37B501}.AppStore|x86.ActiveCfg = Release|Any CPU
		{FB8931CB-5221-4809-8C4C-4DA1DC37B501}.Debug|Any CPU.ActiveCfg = Debug|Any CPU
		{FB8931CB-5221-4809-8C4C-4DA1DC37B501}.Debug|Any CPU.Build.0 = Debug|Any CPU
		{FB8931CB-5221-4809-8C4C-4DA1DC37B501}.Debug|ARM.ActiveCfg = Debug|Any CPU
		{FB8931CB-5221-4809-8C4C-4DA1DC37B501}.Debug|iPhone.ActiveCfg = Debug|Any CPU
		{FB8931CB-5221-4809-8C4C-4DA1DC37B501}.Debug|iPhoneSimulator.ActiveCfg = Debug|Any CPU
		{FB8931CB-5221-4809-8C4C-4DA1DC37B501}.Debug|iPhoneSimulator.Build.0 = Debug|Any CPU
		{FB8931CB-5221-4809-8C4C-4DA1DC37B501}.Debug|Mixed Platforms.ActiveCfg = Debug|Any CPU
		{FB8931CB-5221-4809-8C4C-4DA1DC37B501}.Debug|Mixed Platforms.Build.0 = Debug|Any CPU
		{FB8931CB-5221-4809-8C4C-4DA1DC37B501}.Debug|x86.ActiveCfg = Debug|Any CPU
		{FB8931CB-5221-4809-8C4C-4DA1DC37B501}.Release|Any CPU.ActiveCfg = Release|Any CPU
		{FB8931CB-5221-4809-8C4C-4DA1DC37B501}.Release|Any CPU.Build.0 = Release|Any CPU
		{FB8931CB-5221-4809-8C4C-4DA1DC37B501}.Release|ARM.ActiveCfg = Release|Any CPU
		{FB8931CB-5221-4809-8C4C-4DA1DC37B501}.Release|iPhone.ActiveCfg = Release|Any CPU
		{FB8931CB-5221-4809-8C4C-4DA1DC37B501}.Release|iPhoneSimulator.ActiveCfg = Release|Any CPU
		{FB8931CB-5221-4809-8C4C-4DA1DC37B501}.Release|Mixed Platforms.ActiveCfg = Release|Any CPU
		{FB8931CB-5221-4809-8C4C-4DA1DC37B501}.Release|Mixed Platforms.Build.0 = Release|Any CPU
		{FB8931CB-5221-4809-8C4C-4DA1DC37B501}.Release|x86.ActiveCfg = Release|Any CPU
		{75994906-75F0-4E25-81BC-FD3469897FAC}.Ad-Hoc|Any CPU.ActiveCfg = Ad-Hoc|iPhone
		{75994906-75F0-4E25-81BC-FD3469897FAC}.Ad-Hoc|ARM.ActiveCfg = Ad-Hoc|iPhone
		{75994906-75F0-4E25-81BC-FD3469897FAC}.Ad-Hoc|iPhone.ActiveCfg = Ad-Hoc|iPhone
		{75994906-75F0-4E25-81BC-FD3469897FAC}.Ad-Hoc|iPhone.Build.0 = Ad-Hoc|iPhone
		{75994906-75F0-4E25-81BC-FD3469897FAC}.Ad-Hoc|iPhoneSimulator.ActiveCfg = Ad-Hoc|iPhoneSimulator
		{75994906-75F0-4E25-81BC-FD3469897FAC}.Ad-Hoc|iPhoneSimulator.Build.0 = Ad-Hoc|iPhoneSimulator
		{75994906-75F0-4E25-81BC-FD3469897FAC}.Ad-Hoc|Mixed Platforms.ActiveCfg = Ad-Hoc|iPhone
		{75994906-75F0-4E25-81BC-FD3469897FAC}.Ad-Hoc|Mixed Platforms.Build.0 = Ad-Hoc|iPhone
		{75994906-75F0-4E25-81BC-FD3469897FAC}.Ad-Hoc|x86.ActiveCfg = Ad-Hoc|iPhone
		{75994906-75F0-4E25-81BC-FD3469897FAC}.AppStore|Any CPU.ActiveCfg = AppStore|iPhone
		{75994906-75F0-4E25-81BC-FD3469897FAC}.AppStore|ARM.ActiveCfg = AppStore|iPhone
		{75994906-75F0-4E25-81BC-FD3469897FAC}.AppStore|iPhone.ActiveCfg = AppStore|iPhone
		{75994906-75F0-4E25-81BC-FD3469897FAC}.AppStore|iPhone.Build.0 = AppStore|iPhone
		{75994906-75F0-4E25-81BC-FD3469897FAC}.AppStore|iPhoneSimulator.ActiveCfg = AppStore|iPhoneSimulator
		{75994906-75F0-4E25-81BC-FD3469897FAC}.AppStore|iPhoneSimulator.Build.0 = AppStore|iPhoneSimulator
		{75994906-75F0-4E25-81BC-FD3469897FAC}.AppStore|Mixed Platforms.ActiveCfg = AppStore|iPhone
		{75994906-75F0-4E25-81BC-FD3469897FAC}.AppStore|Mixed Platforms.Build.0 = AppStore|iPhone
		{75994906-75F0-4E25-81BC-FD3469897FAC}.AppStore|x86.ActiveCfg = AppStore|iPhone
		{75994906-75F0-4E25-81BC-FD3469897FAC}.Debug|Any CPU.ActiveCfg = Debug|iPhoneSimulator
		{75994906-75F0-4E25-81BC-FD3469897FAC}.Debug|Any CPU.Build.0 = Debug|iPhoneSimulator
		{75994906-75F0-4E25-81BC-FD3469897FAC}.Debug|ARM.ActiveCfg = Debug|iPhone
		{75994906-75F0-4E25-81BC-FD3469897FAC}.Debug|iPhone.ActiveCfg = Debug|iPhone
		{75994906-75F0-4E25-81BC-FD3469897FAC}.Debug|iPhone.Build.0 = Debug|iPhone
		{75994906-75F0-4E25-81BC-FD3469897FAC}.Debug|iPhoneSimulator.ActiveCfg = Debug|iPhoneSimulator
		{75994906-75F0-4E25-81BC-FD3469897FAC}.Debug|iPhoneSimulator.Build.0 = Debug|iPhoneSimulator
		{75994906-75F0-4E25-81BC-FD3469897FAC}.Debug|Mixed Platforms.ActiveCfg = Debug|iPhone
		{75994906-75F0-4E25-81BC-FD3469897FAC}.Debug|Mixed Platforms.Build.0 = Debug|iPhone
		{75994906-75F0-4E25-81BC-FD3469897FAC}.Debug|x86.ActiveCfg = Debug|iPhone
		{75994906-75F0-4E25-81BC-FD3469897FAC}.Release|Any CPU.ActiveCfg = Release|iPhone
		{75994906-75F0-4E25-81BC-FD3469897FAC}.Release|ARM.ActiveCfg = Release|iPhone
		{75994906-75F0-4E25-81BC-FD3469897FAC}.Release|iPhone.ActiveCfg = Release|iPhone
		{75994906-75F0-4E25-81BC-FD3469897FAC}.Release|iPhone.Build.0 = Release|iPhone
		{75994906-75F0-4E25-81BC-FD3469897FAC}.Release|iPhoneSimulator.ActiveCfg = Release|iPhoneSimulator
		{75994906-75F0-4E25-81BC-FD3469897FAC}.Release|iPhoneSimulator.Build.0 = Release|iPhoneSimulator
		{75994906-75F0-4E25-81BC-FD3469897FAC}.Release|Mixed Platforms.ActiveCfg = Release|iPhone
		{75994906-75F0-4E25-81BC-FD3469897FAC}.Release|Mixed Platforms.Build.0 = Release|iPhone
		{75994906-75F0-4E25-81BC-FD3469897FAC}.Release|x86.ActiveCfg = Release|iPhone
		{EA4A0621-BF06-4126-A05C-72440F169FBB}.Ad-Hoc|Any CPU.ActiveCfg = Release|Any CPU
		{EA4A0621-BF06-4126-A05C-72440F169FBB}.Ad-Hoc|Any CPU.Build.0 = Release|Any CPU
		{EA4A0621-BF06-4126-A05C-72440F169FBB}.Ad-Hoc|Any CPU.Deploy.0 = Release|Any CPU
		{EA4A0621-BF06-4126-A05C-72440F169FBB}.Ad-Hoc|ARM.ActiveCfg = Release|Any CPU
		{EA4A0621-BF06-4126-A05C-72440F169FBB}.Ad-Hoc|iPhone.ActiveCfg = Release|Any CPU
		{EA4A0621-BF06-4126-A05C-72440F169FBB}.Ad-Hoc|iPhoneSimulator.ActiveCfg = Release|Any CPU
		{EA4A0621-BF06-4126-A05C-72440F169FBB}.Ad-Hoc|Mixed Platforms.ActiveCfg = Release|Any CPU
		{EA4A0621-BF06-4126-A05C-72440F169FBB}.Ad-Hoc|Mixed Platforms.Build.0 = Release|Any CPU
		{EA4A0621-BF06-4126-A05C-72440F169FBB}.Ad-Hoc|Mixed Platforms.Deploy.0 = Release|Any CPU
		{EA4A0621-BF06-4126-A05C-72440F169FBB}.Ad-Hoc|x86.ActiveCfg = Release|Any CPU
		{EA4A0621-BF06-4126-A05C-72440F169FBB}.AppStore|Any CPU.ActiveCfg = Release|Any CPU
		{EA4A0621-BF06-4126-A05C-72440F169FBB}.AppStore|Any CPU.Build.0 = Release|Any CPU
		{EA4A0621-BF06-4126-A05C-72440F169FBB}.AppStore|Any CPU.Deploy.0 = Release|Any CPU
		{EA4A0621-BF06-4126-A05C-72440F169FBB}.AppStore|ARM.ActiveCfg = Release|Any CPU
		{EA4A0621-BF06-4126-A05C-72440F169FBB}.AppStore|iPhone.ActiveCfg = Release|Any CPU
		{EA4A0621-BF06-4126-A05C-72440F169FBB}.AppStore|iPhoneSimulator.ActiveCfg = Release|Any CPU
		{EA4A0621-BF06-4126-A05C-72440F169FBB}.AppStore|Mixed Platforms.ActiveCfg = Release|Any CPU
		{EA4A0621-BF06-4126-A05C-72440F169FBB}.AppStore|Mixed Platforms.Build.0 = Release|Any CPU
		{EA4A0621-BF06-4126-A05C-72440F169FBB}.AppStore|Mixed Platforms.Deploy.0 = Release|Any CPU
		{EA4A0621-BF06-4126-A05C-72440F169FBB}.AppStore|x86.ActiveCfg = Release|Any CPU
		{EA4A0621-BF06-4126-A05C-72440F169FBB}.Debug|Any CPU.ActiveCfg = Debug|Any CPU
		{EA4A0621-BF06-4126-A05C-72440F169FBB}.Debug|Any CPU.Build.0 = Debug|Any CPU
		{EA4A0621-BF06-4126-A05C-72440F169FBB}.Debug|Any CPU.Deploy.0 = Debug|Any CPU
		{EA4A0621-BF06-4126-A05C-72440F169FBB}.Debug|ARM.ActiveCfg = Debug|Any CPU
		{EA4A0621-BF06-4126-A05C-72440F169FBB}.Debug|iPhone.ActiveCfg = Debug|Any CPU
		{EA4A0621-BF06-4126-A05C-72440F169FBB}.Debug|iPhoneSimulator.ActiveCfg = Debug|Any CPU
		{EA4A0621-BF06-4126-A05C-72440F169FBB}.Debug|iPhoneSimulator.Build.0 = Debug|Any CPU
		{EA4A0621-BF06-4126-A05C-72440F169FBB}.Debug|iPhoneSimulator.Deploy.0 = Debug|Any CPU
		{EA4A0621-BF06-4126-A05C-72440F169FBB}.Debug|Mixed Platforms.ActiveCfg = Debug|Any CPU
		{EA4A0621-BF06-4126-A05C-72440F169FBB}.Debug|Mixed Platforms.Build.0 = Debug|Any CPU
		{EA4A0621-BF06-4126-A05C-72440F169FBB}.Debug|Mixed Platforms.Deploy.0 = Debug|Any CPU
		{EA4A0621-BF06-4126-A05C-72440F169FBB}.Debug|x86.ActiveCfg = Debug|Any CPU
		{EA4A0621-BF06-4126-A05C-72440F169FBB}.Release|Any CPU.ActiveCfg = Release|Any CPU
		{EA4A0621-BF06-4126-A05C-72440F169FBB}.Release|Any CPU.Build.0 = Release|Any CPU
		{EA4A0621-BF06-4126-A05C-72440F169FBB}.Release|Any CPU.Deploy.0 = Release|Any CPU
		{EA4A0621-BF06-4126-A05C-72440F169FBB}.Release|ARM.ActiveCfg = Release|Any CPU
		{EA4A0621-BF06-4126-A05C-72440F169FBB}.Release|iPhone.ActiveCfg = Release|Any CPU
		{EA4A0621-BF06-4126-A05C-72440F169FBB}.Release|iPhoneSimulator.ActiveCfg = Release|Any CPU
		{EA4A0621-BF06-4126-A05C-72440F169FBB}.Release|Mixed Platforms.ActiveCfg = Release|Any CPU
		{EA4A0621-BF06-4126-A05C-72440F169FBB}.Release|Mixed Platforms.Build.0 = Release|Any CPU
		{EA4A0621-BF06-4126-A05C-72440F169FBB}.Release|Mixed Platforms.Deploy.0 = Release|Any CPU
		{EA4A0621-BF06-4126-A05C-72440F169FBB}.Release|x86.ActiveCfg = Release|Any CPU
		{E0901210-03DE-41A6-96ED-EF58ECD1170F}.Ad-Hoc|Any CPU.ActiveCfg = Release|Any CPU
		{E0901210-03DE-41A6-96ED-EF58ECD1170F}.Ad-Hoc|Any CPU.Build.0 = Release|Any CPU
		{E0901210-03DE-41A6-96ED-EF58ECD1170F}.Ad-Hoc|Any CPU.Deploy.0 = Release|Any CPU
		{E0901210-03DE-41A6-96ED-EF58ECD1170F}.Ad-Hoc|ARM.ActiveCfg = Release|ARM
		{E0901210-03DE-41A6-96ED-EF58ECD1170F}.Ad-Hoc|ARM.Build.0 = Release|ARM
		{E0901210-03DE-41A6-96ED-EF58ECD1170F}.Ad-Hoc|ARM.Deploy.0 = Release|ARM
		{E0901210-03DE-41A6-96ED-EF58ECD1170F}.Ad-Hoc|iPhone.ActiveCfg = Release|Any CPU
		{E0901210-03DE-41A6-96ED-EF58ECD1170F}.Ad-Hoc|iPhoneSimulator.ActiveCfg = Release|Any CPU
		{E0901210-03DE-41A6-96ED-EF58ECD1170F}.Ad-Hoc|Mixed Platforms.ActiveCfg = Release|x86
		{E0901210-03DE-41A6-96ED-EF58ECD1170F}.Ad-Hoc|Mixed Platforms.Build.0 = Release|x86
		{E0901210-03DE-41A6-96ED-EF58ECD1170F}.Ad-Hoc|Mixed Platforms.Deploy.0 = Release|x86
		{E0901210-03DE-41A6-96ED-EF58ECD1170F}.Ad-Hoc|x86.ActiveCfg = Release|x86
		{E0901210-03DE-41A6-96ED-EF58ECD1170F}.Ad-Hoc|x86.Build.0 = Release|x86
		{E0901210-03DE-41A6-96ED-EF58ECD1170F}.Ad-Hoc|x86.Deploy.0 = Release|x86
		{E0901210-03DE-41A6-96ED-EF58ECD1170F}.AppStore|Any CPU.ActiveCfg = Release|Any CPU
		{E0901210-03DE-41A6-96ED-EF58ECD1170F}.AppStore|Any CPU.Build.0 = Release|Any CPU
		{E0901210-03DE-41A6-96ED-EF58ECD1170F}.AppStore|Any CPU.Deploy.0 = Release|Any CPU
		{E0901210-03DE-41A6-96ED-EF58ECD1170F}.AppStore|ARM.ActiveCfg = Release|ARM
		{E0901210-03DE-41A6-96ED-EF58ECD1170F}.AppStore|ARM.Build.0 = Release|ARM
		{E0901210-03DE-41A6-96ED-EF58ECD1170F}.AppStore|ARM.Deploy.0 = Release|ARM
		{E0901210-03DE-41A6-96ED-EF58ECD1170F}.AppStore|iPhone.ActiveCfg = Release|Any CPU
		{E0901210-03DE-41A6-96ED-EF58ECD1170F}.AppStore|iPhoneSimulator.ActiveCfg = Release|Any CPU
		{E0901210-03DE-41A6-96ED-EF58ECD1170F}.AppStore|Mixed Platforms.ActiveCfg = Release|x86
		{E0901210-03DE-41A6-96ED-EF58ECD1170F}.AppStore|Mixed Platforms.Build.0 = Release|x86
		{E0901210-03DE-41A6-96ED-EF58ECD1170F}.AppStore|Mixed Platforms.Deploy.0 = Release|x86
		{E0901210-03DE-41A6-96ED-EF58ECD1170F}.AppStore|x86.ActiveCfg = Release|x86
		{E0901210-03DE-41A6-96ED-EF58ECD1170F}.AppStore|x86.Build.0 = Release|x86
		{E0901210-03DE-41A6-96ED-EF58ECD1170F}.AppStore|x86.Deploy.0 = Release|x86
		{E0901210-03DE-41A6-96ED-EF58ECD1170F}.Debug|Any CPU.ActiveCfg = Debug|Any CPU
		{E0901210-03DE-41A6-96ED-EF58ECD1170F}.Debug|Any CPU.Build.0 = Debug|Any CPU
		{E0901210-03DE-41A6-96ED-EF58ECD1170F}.Debug|Any CPU.Deploy.0 = Debug|Any CPU
		{E0901210-03DE-41A6-96ED-EF58ECD1170F}.Debug|ARM.ActiveCfg = Debug|ARM
		{E0901210-03DE-41A6-96ED-EF58ECD1170F}.Debug|ARM.Build.0 = Debug|ARM
		{E0901210-03DE-41A6-96ED-EF58ECD1170F}.Debug|ARM.Deploy.0 = Debug|ARM
		{E0901210-03DE-41A6-96ED-EF58ECD1170F}.Debug|iPhone.ActiveCfg = Debug|Any CPU
		{E0901210-03DE-41A6-96ED-EF58ECD1170F}.Debug|iPhoneSimulator.ActiveCfg = Debug|Any CPU
		{E0901210-03DE-41A6-96ED-EF58ECD1170F}.Debug|iPhoneSimulator.Build.0 = Debug|Any CPU
		{E0901210-03DE-41A6-96ED-EF58ECD1170F}.Debug|iPhoneSimulator.Deploy.0 = Debug|Any CPU
		{E0901210-03DE-41A6-96ED-EF58ECD1170F}.Debug|Mixed Platforms.ActiveCfg = Debug|x86
		{E0901210-03DE-41A6-96ED-EF58ECD1170F}.Debug|Mixed Platforms.Build.0 = Debug|x86
		{E0901210-03DE-41A6-96ED-EF58ECD1170F}.Debug|Mixed Platforms.Deploy.0 = Debug|x86
		{E0901210-03DE-41A6-96ED-EF58ECD1170F}.Debug|x86.ActiveCfg = Debug|x86
		{E0901210-03DE-41A6-96ED-EF58ECD1170F}.Debug|x86.Build.0 = Debug|x86
		{E0901210-03DE-41A6-96ED-EF58ECD1170F}.Debug|x86.Deploy.0 = Debug|x86
		{E0901210-03DE-41A6-96ED-EF58ECD1170F}.Release|Any CPU.ActiveCfg = Release|Any CPU
		{E0901210-03DE-41A6-96ED-EF58ECD1170F}.Release|Any CPU.Build.0 = Release|Any CPU
		{E0901210-03DE-41A6-96ED-EF58ECD1170F}.Release|Any CPU.Deploy.0 = Release|Any CPU
		{E0901210-03DE-41A6-96ED-EF58ECD1170F}.Release|ARM.ActiveCfg = Release|ARM
		{E0901210-03DE-41A6-96ED-EF58ECD1170F}.Release|ARM.Build.0 = Release|ARM
		{E0901210-03DE-41A6-96ED-EF58ECD1170F}.Release|ARM.Deploy.0 = Release|ARM
		{E0901210-03DE-41A6-96ED-EF58ECD1170F}.Release|iPhone.ActiveCfg = Release|Any CPU
		{E0901210-03DE-41A6-96ED-EF58ECD1170F}.Release|iPhoneSimulator.ActiveCfg = Release|Any CPU
		{E0901210-03DE-41A6-96ED-EF58ECD1170F}.Release|Mixed Platforms.ActiveCfg = Release|x86
		{E0901210-03DE-41A6-96ED-EF58ECD1170F}.Release|Mixed Platforms.Build.0 = Release|x86
		{E0901210-03DE-41A6-96ED-EF58ECD1170F}.Release|Mixed Platforms.Deploy.0 = Release|x86
		{E0901210-03DE-41A6-96ED-EF58ECD1170F}.Release|x86.ActiveCfg = Release|x86
		{E0901210-03DE-41A6-96ED-EF58ECD1170F}.Release|x86.Build.0 = Release|x86
		{E0901210-03DE-41A6-96ED-EF58ECD1170F}.Release|x86.Deploy.0 = Release|x86
	EndGlobalSection
	GlobalSection(SolutionProperties) = preSolution
		HideSolutionNode = FALSE
	EndGlobalSection
EndGlobal
