
Microsoft Visual Studio Solution File, Format Version 12.00
# Visual Studio 2013
VisualStudioVersion = 12.0.30723.0
MinimumVisualStudioVersion = 10.0.40219.1
Project("{FAE04EC0-301F-11D3-BF4B-00C04F79EFBC}") = "RotatingSpokes", "RotatingSpokes\RotatingSpokes\RotatingSpokes.csproj", "{4FEA69F5-BBD7-4D0E-A912-A8015FC77C20}"
EndProject
Project("{FAE04EC0-301F-11D3-BF4B-00C04F79EFBC}") = "RotatingSpokes.iOS", "RotatingSpokes\RotatingSpokes.iOS\RotatingSpokes.iOS.csproj", "{15A851AE-AAD4-4B32-ABB2-F87D499814FF}"
EndProject
Project("{FAE04EC0-301F-11D3-BF4B-00C04F79EFBC}") = "RotatingSpokes.Droid", "RotatingSpokes\RotatingSpokes.Droid\RotatingSpokes.Droid.csproj", "{BA4FC3EA-40C4-4DE3-8777-3A5204276B50}"
EndProject
Project("{FAE04EC0-301F-11D3-BF4B-00C04F79EFBC}") = "RotatingSpokes.WinPhone", "RotatingSpokes\RotatingSpokes.WinPhone\RotatingSpokes.WinPhone.csproj", "{5C29BF26-58AC-4792-B2BD-1E9EDC47447B}"
EndProject
Global
	GlobalSection(SolutionConfigurationPlatforms) = preSolution
		Ad-Hoc|Any CPU = Ad-Hoc|Any CPU
		Ad-Hoc|ARM = Ad-Hoc|ARM
		Ad-Hoc|iPhone = Ad-Hoc|iPhone
		Ad-Hoc|iPhoneSimulator = Ad-Hoc|iPhoneSimulator
		Ad-Hoc|Mixed Platforms = Ad-Hoc|Mixed Platforms
		Ad-Hoc|x86 = Ad-Hoc|x86
		AppStore|Any CPU = AppStore|Any CPU
		AppStore|ARM = AppStore|ARM
		AppStore|iPhone = AppStore|iPhone
		AppStore|iPhoneSimulator = AppStore|iPhoneSimulator
		AppStore|Mixed Platforms = AppStore|Mixed Platforms
		AppStore|x86 = AppStore|x86
		Debug|Any CPU = Debug|Any CPU
		Debug|ARM = Debug|ARM
		Debug|iPhone = Debug|iPhone
		Debug|iPhoneSimulator = Debug|iPhoneSimulator
		Debug|Mixed Platforms = Debug|Mixed Platforms
		Debug|x86 = Debug|x86
		Release|Any CPU = Release|Any CPU
		Release|ARM = Release|ARM
		Release|iPhone = Release|iPhone
		Release|iPhoneSimulator = Release|iPhoneSimulator
		Release|Mixed Platforms = Release|Mixed Platforms
		Release|x86 = Release|x86
	EndGlobalSection
	GlobalSection(ProjectConfigurationPlatforms) = postSolution
		{4FEA69F5-BBD7-4D0E-A912-A8015FC77C20}.Ad-Hoc|Any CPU.ActiveCfg = Release|Any CPU
		{4FEA69F5-BBD7-4D0E-A912-A8015FC77C20}.Ad-Hoc|Any CPU.Build.0 = Release|Any CPU
		{4FEA69F5-BBD7-4D0E-A912-A8015FC77C20}.Ad-Hoc|ARM.ActiveCfg = Release|Any CPU
		{4FEA69F5-BBD7-4D0E-A912-A8015FC77C20}.Ad-Hoc|iPhone.ActiveCfg = Release|Any CPU
		{4FEA69F5-BBD7-4D0E-A912-A8015FC77C20}.Ad-Hoc|iPhoneSimulator.ActiveCfg = Release|Any CPU
		{4FEA69F5-BBD7-4D0E-A912-A8015FC77C20}.Ad-Hoc|Mixed Platforms.ActiveCfg = Release|Any CPU
		{4FEA69F5-BBD7-4D0E-A912-A8015FC77C20}.Ad-Hoc|Mixed Platforms.Build.0 = Release|Any CPU
		{4FEA69F5-BBD7-4D0E-A912-A8015FC77C20}.Ad-Hoc|x86.ActiveCfg = Release|Any CPU
		{4FEA69F5-BBD7-4D0E-A912-A8015FC77C20}.AppStore|Any CPU.ActiveCfg = Release|Any CPU
		{4FEA69F5-BBD7-4D0E-A912-A8015FC77C20}.AppStore|Any CPU.Build.0 = Release|Any CPU
		{4FEA69F5-BBD7-4D0E-A912-A8015FC77C20}.AppStore|ARM.ActiveCfg = Release|Any CPU
		{4FEA69F5-BBD7-4D0E-A912-A8015FC77C20}.AppStore|iPhone.ActiveCfg = Release|Any CPU
		{4FEA69F5-BBD7-4D0E-A912-A8015FC77C20}.AppStore|iPhoneSimulator.ActiveCfg = Release|Any CPU
		{4FEA69F5-BBD7-4D0E-A912-A8015FC77C20}.AppStore|Mixed Platforms.ActiveCfg = Release|Any CPU
		{4FEA69F5-BBD7-4D0E-A912-A8015FC77C20}.AppStore|Mixed Platforms.Build.0 = Release|Any CPU
		{4FEA69F5-BBD7-4D0E-A912-A8015FC77C20}.AppStore|x86.ActiveCfg = Release|Any CPU
		{4FEA69F5-BBD7-4D0E-A912-A8015FC77C20}.Debug|Any CPU.ActiveCfg = Debug|Any CPU
		{4FEA69F5-BBD7-4D0E-A912-A8015FC77C20}.Debug|Any CPU.Build.0 = Debug|Any CPU
		{4FEA69F5-BBD7-4D0E-A912-A8015FC77C20}.Debug|ARM.ActiveCfg = Debug|Any CPU
		{4FEA69F5-BBD7-4D0E-A912-A8015FC77C20}.Debug|iPhone.ActiveCfg = Debug|Any CPU
		{4FEA69F5-BBD7-4D0E-A912-A8015FC77C20}.Debug|iPhoneSimulator.ActiveCfg = Debug|Any CPU
		{4FEA69F5-BBD7-4D0E-A912-A8015FC77C20}.Debug|Mixed Platforms.ActiveCfg = Debug|Any CPU
		{4FEA69F5-BBD7-4D0E-A912-A8015FC77C20}.Debug|Mixed Platforms.Build.0 = Debug|Any CPU
		{4FEA69F5-BBD7-4D0E-A912-A8015FC77C20}.Debug|x86.ActiveCfg = Debug|Any CPU
		{4FEA69F5-BBD7-4D0E-A912-A8015FC77C20}.Release|Any CPU.ActiveCfg = Release|Any CPU
		{4FEA69F5-BBD7-4D0E-A912-A8015FC77C20}.Release|Any CPU.Build.0 = Release|Any CPU
		{4FEA69F5-BBD7-4D0E-A912-A8015FC77C20}.Release|ARM.ActiveCfg = Release|Any CPU
		{4FEA69F5-BBD7-4D0E-A912-A8015FC77C20}.Release|iPhone.ActiveCfg = Release|Any CPU
		{4FEA69F5-BBD7-4D0E-A912-A8015FC77C20}.Release|iPhoneSimulator.ActiveCfg = Release|Any CPU
		{4FEA69F5-BBD7-4D0E-A912-A8015FC77C20}.Release|Mixed Platforms.ActiveCfg = Release|Any CPU
		{4FEA69F5-BBD7-4D0E-A912-A8015FC77C20}.Release|Mixed Platforms.Build.0 = Release|Any CPU
		{4FEA69F5-BBD7-4D0E-A912-A8015FC77C20}.Release|x86.ActiveCfg = Release|Any CPU
		{15A851AE-AAD4-4B32-ABB2-F87D499814FF}.Ad-Hoc|Any CPU.ActiveCfg = Ad-Hoc|iPhone
		{15A851AE-AAD4-4B32-ABB2-F87D499814FF}.Ad-Hoc|ARM.ActiveCfg = Ad-Hoc|iPhone
		{15A851AE-AAD4-4B32-ABB2-F87D499814FF}.Ad-Hoc|iPhone.ActiveCfg = Ad-Hoc|iPhone
		{15A851AE-AAD4-4B32-ABB2-F87D499814FF}.Ad-Hoc|iPhone.Build.0 = Ad-Hoc|iPhone
		{15A851AE-AAD4-4B32-ABB2-F87D499814FF}.Ad-Hoc|iPhoneSimulator.ActiveCfg = Ad-Hoc|iPhoneSimulator
		{15A851AE-AAD4-4B32-ABB2-F87D499814FF}.Ad-Hoc|iPhoneSimulator.Build.0 = Ad-Hoc|iPhoneSimulator
		{15A851AE-AAD4-4B32-ABB2-F87D499814FF}.Ad-Hoc|Mixed Platforms.ActiveCfg = Ad-Hoc|iPhone
		{15A851AE-AAD4-4B32-ABB2-F87D499814FF}.Ad-Hoc|Mixed Platforms.Build.0 = Ad-Hoc|iPhone
		{15A851AE-AAD4-4B32-ABB2-F87D499814FF}.Ad-Hoc|x86.ActiveCfg = Ad-Hoc|iPhone
		{15A851AE-AAD4-4B32-ABB2-F87D499814FF}.AppStore|Any CPU.ActiveCfg = AppStore|iPhone
		{15A851AE-AAD4-4B32-ABB2-F87D499814FF}.AppStore|ARM.ActiveCfg = AppStore|iPhone
		{15A851AE-AAD4-4B32-ABB2-F87D499814FF}.AppStore|iPhone.ActiveCfg = AppStore|iPhone
		{15A851AE-AAD4-4B32-ABB2-F87D499814FF}.AppStore|iPhone.Build.0 = AppStore|iPhone
		{15A851AE-AAD4-4B32-ABB2-F87D499814FF}.AppStore|iPhoneSimulator.ActiveCfg = AppStore|iPhoneSimulator
		{15A851AE-AAD4-4B32-ABB2-F87D499814FF}.AppStore|iPhoneSimulator.Build.0 = AppStore|iPhoneSimulator
		{15A851AE-AAD4-4B32-ABB2-F87D499814FF}.AppStore|Mixed Platforms.ActiveCfg = AppStore|iPhone
		{15A851AE-AAD4-4B32-ABB2-F87D499814FF}.AppStore|Mixed Platforms.Build.0 = AppStore|iPhone
		{15A851AE-AAD4-4B32-ABB2-F87D499814FF}.AppStore|x86.ActiveCfg = AppStore|iPhone
		{15A851AE-AAD4-4B32-ABB2-F87D499814FF}.Debug|Any CPU.ActiveCfg = Debug|iPhone
		{15A851AE-AAD4-4B32-ABB2-F87D499814FF}.Debug|ARM.ActiveCfg = Debug|iPhone
		{15A851AE-AAD4-4B32-ABB2-F87D499814FF}.Debug|iPhone.ActiveCfg = Debug|iPhone
		{15A851AE-AAD4-4B32-ABB2-F87D499814FF}.Debug|iPhone.Build.0 = Debug|iPhone
		{15A851AE-AAD4-4B32-ABB2-F87D499814FF}.Debug|iPhoneSimulator.ActiveCfg = Debug|iPhoneSimulator
		{15A851AE-AAD4-4B32-ABB2-F87D499814FF}.Debug|iPhoneSimulator.Build.0 = Debug|iPhoneSimulator
		{15A851AE-AAD4-4B32-ABB2-F87D499814FF}.Debug|Mixed Platforms.ActiveCfg = Debug|iPhone
		{15A851AE-AAD4-4B32-ABB2-F87D499814FF}.Debug|Mixed Platforms.Build.0 = Debug|iPhone
		{15A851AE-AAD4-4B32-ABB2-F87D499814FF}.Debug|x86.ActiveCfg = Debug|iPhone
		{15A851AE-AAD4-4B32-ABB2-F87D499814FF}.Release|Any CPU.ActiveCfg = Release|iPhone
		{15A851AE-AAD4-4B32-ABB2-F87D499814FF}.Release|ARM.ActiveCfg = Release|iPhone
		{15A851AE-AAD4-4B32-ABB2-F87D499814FF}.Release|iPhone.ActiveCfg = Release|iPhone
		{15A851AE-AAD4-4B32-ABB2-F87D499814FF}.Release|iPhone.Build.0 = Release|iPhone
		{15A851AE-AAD4-4B32-ABB2-F87D499814FF}.Release|iPhoneSimulator.ActiveCfg = Release|iPhoneSimulator
		{15A851AE-AAD4-4B32-ABB2-F87D499814FF}.Release|iPhoneSimulator.Build.0 = Release|iPhoneSimulator
		{15A851AE-AAD4-4B32-ABB2-F87D499814FF}.Release|Mixed Platforms.ActiveCfg = Release|iPhone
		{15A851AE-AAD4-4B32-ABB2-F87D499814FF}.Release|Mixed Platforms.Build.0 = Release|iPhone
		{15A851AE-AAD4-4B32-ABB2-F87D499814FF}.Release|x86.ActiveCfg = Release|iPhone
		{BA4FC3EA-40C4-4DE3-8777-3A5204276B50}.Ad-Hoc|Any CPU.ActiveCfg = Release|Any CPU
		{BA4FC3EA-40C4-4DE3-8777-3A5204276B50}.Ad-Hoc|Any CPU.Build.0 = Release|Any CPU
		{BA4FC3EA-40C4-4DE3-8777-3A5204276B50}.Ad-Hoc|Any CPU.Deploy.0 = Release|Any CPU
		{BA4FC3EA-40C4-4DE3-8777-3A5204276B50}.Ad-Hoc|ARM.ActiveCfg = Release|Any CPU
		{BA4FC3EA-40C4-4DE3-8777-3A5204276B50}.Ad-Hoc|iPhone.ActiveCfg = Release|Any CPU
		{BA4FC3EA-40C4-4DE3-8777-3A5204276B50}.Ad-Hoc|iPhoneSimulator.ActiveCfg = Release|Any CPU
		{BA4FC3EA-40C4-4DE3-8777-3A5204276B50}.Ad-Hoc|Mixed Platforms.ActiveCfg = Release|Any CPU
		{BA4FC3EA-40C4-4DE3-8777-3A5204276B50}.Ad-Hoc|Mixed Platforms.Build.0 = Release|Any CPU
		{BA4FC3EA-40C4-4DE3-8777-3A5204276B50}.Ad-Hoc|Mixed Platforms.Deploy.0 = Release|Any CPU
		{BA4FC3EA-40C4-4DE3-8777-3A5204276B50}.Ad-Hoc|x86.ActiveCfg = Release|Any CPU
		{BA4FC3EA-40C4-4DE3-8777-3A5204276B50}.AppStore|Any CPU.ActiveCfg = Release|Any CPU
		{BA4FC3EA-40C4-4DE3-8777-3A5204276B50}.AppStore|Any CPU.Build.0 = Release|Any CPU
		{BA4FC3EA-40C4-4DE3-8777-3A5204276B50}.AppStore|Any CPU.Deploy.0 = Release|Any CPU
		{BA4FC3EA-40C4-4DE3-8777-3A5204276B50}.AppStore|ARM.ActiveCfg = Release|Any CPU
		{BA4FC3EA-40C4-4DE3-8777-3A5204276B50}.AppStore|iPhone.ActiveCfg = Release|Any CPU
		{BA4FC3EA-40C4-4DE3-8777-3A5204276B50}.AppStore|iPhoneSimulator.ActiveCfg = Release|Any CPU
		{BA4FC3EA-40C4-4DE3-8777-3A5204276B50}.AppStore|Mixed Platforms.ActiveCfg = Release|Any CPU
		{BA4FC3EA-40C4-4DE3-8777-3A5204276B50}.AppStore|Mixed Platforms.Build.0 = Release|Any CPU
		{BA4FC3EA-40C4-4DE3-8777-3A5204276B50}.AppStore|Mixed Platforms.Deploy.0 = Release|Any CPU
		{BA4FC3EA-40C4-4DE3-8777-3A5204276B50}.AppStore|x86.ActiveCfg = Release|Any CPU
		{BA4FC3EA-40C4-4DE3-8777-3A5204276B50}.Debug|Any CPU.ActiveCfg = Debug|Any CPU
		{BA4FC3EA-40C4-4DE3-8777-3A5204276B50}.Debug|Any CPU.Build.0 = Debug|Any CPU
		{BA4FC3EA-40C4-4DE3-8777-3A5204276B50}.Debug|Any CPU.Deploy.0 = Debug|Any CPU
		{BA4FC3EA-40C4-4DE3-8777-3A5204276B50}.Debug|ARM.ActiveCfg = Debug|Any CPU
		{BA4FC3EA-40C4-4DE3-8777-3A5204276B50}.Debug|iPhone.ActiveCfg = Debug|Any CPU
		{BA4FC3EA-40C4-4DE3-8777-3A5204276B50}.Debug|iPhoneSimulator.ActiveCfg = Debug|Any CPU
		{BA4FC3EA-40C4-4DE3-8777-3A5204276B50}.Debug|Mixed Platforms.ActiveCfg = Debug|Any CPU
		{BA4FC3EA-40C4-4DE3-8777-3A5204276B50}.Debug|Mixed Platforms.Build.0 = Debug|Any CPU
		{BA4FC3EA-40C4-4DE3-8777-3A5204276B50}.Debug|Mixed Platforms.Deploy.0 = Debug|Any CPU
		{BA4FC3EA-40C4-4DE3-8777-3A5204276B50}.Debug|x86.ActiveCfg = Debug|Any CPU
		{BA4FC3EA-40C4-4DE3-8777-3A5204276B50}.Release|Any CPU.ActiveCfg = Release|Any CPU
		{BA4FC3EA-40C4-4DE3-8777-3A5204276B50}.Release|Any CPU.Build.0 = Release|Any CPU
		{BA4FC3EA-40C4-4DE3-8777-3A5204276B50}.Release|Any CPU.Deploy.0 = Release|Any CPU
		{BA4FC3EA-40C4-4DE3-8777-3A5204276B50}.Release|ARM.ActiveCfg = Release|Any CPU
		{BA4FC3EA-40C4-4DE3-8777-3A5204276B50}.Release|iPhone.ActiveCfg = Release|Any CPU
		{BA4FC3EA-40C4-4DE3-8777-3A5204276B50}.Release|iPhoneSimulator.ActiveCfg = Release|Any CPU
		{BA4FC3EA-40C4-4DE3-8777-3A5204276B50}.Release|Mixed Platforms.ActiveCfg = Release|Any CPU
		{BA4FC3EA-40C4-4DE3-8777-3A5204276B50}.Release|Mixed Platforms.Build.0 = Release|Any CPU
		{BA4FC3EA-40C4-4DE3-8777-3A5204276B50}.Release|Mixed Platforms.Deploy.0 = Release|Any CPU
		{BA4FC3EA-40C4-4DE3-8777-3A5204276B50}.Release|x86.ActiveCfg = Release|Any CPU
		{5C29BF26-58AC-4792-B2BD-1E9EDC47447B}.Ad-Hoc|Any CPU.ActiveCfg = Release|Any CPU
		{5C29BF26-58AC-4792-B2BD-1E9EDC47447B}.Ad-Hoc|Any CPU.Build.0 = Release|Any CPU
		{5C29BF26-58AC-4792-B2BD-1E9EDC47447B}.Ad-Hoc|Any CPU.Deploy.0 = Release|Any CPU
		{5C29BF26-58AC-4792-B2BD-1E9EDC47447B}.Ad-Hoc|ARM.ActiveCfg = Release|ARM
		{5C29BF26-58AC-4792-B2BD-1E9EDC47447B}.Ad-Hoc|ARM.Build.0 = Release|ARM
		{5C29BF26-58AC-4792-B2BD-1E9EDC47447B}.Ad-Hoc|ARM.Deploy.0 = Release|ARM
		{5C29BF26-58AC-4792-B2BD-1E9EDC47447B}.Ad-Hoc|iPhone.ActiveCfg = Release|Any CPU
		{5C29BF26-58AC-4792-B2BD-1E9EDC47447B}.Ad-Hoc|iPhoneSimulator.ActiveCfg = Release|Any CPU
		{5C29BF26-58AC-4792-B2BD-1E9EDC47447B}.Ad-Hoc|Mixed Platforms.ActiveCfg = Release|x86
		{5C29BF26-58AC-4792-B2BD-1E9EDC47447B}.Ad-Hoc|Mixed Platforms.Build.0 = Release|x86
		{5C29BF26-58AC-4792-B2BD-1E9EDC47447B}.Ad-Hoc|Mixed Platforms.Deploy.0 = Release|x86
		{5C29BF26-58AC-4792-B2BD-1E9EDC47447B}.Ad-Hoc|x86.ActiveCfg = Release|x86
		{5C29BF26-58AC-4792-B2BD-1E9EDC47447B}.Ad-Hoc|x86.Build.0 = Release|x86
		{5C29BF26-58AC-4792-B2BD-1E9EDC47447B}.Ad-Hoc|x86.Deploy.0 = Release|x86
		{5C29BF26-58AC-4792-B2BD-1E9EDC47447B}.AppStore|Any CPU.ActiveCfg = Release|Any CPU
		{5C29BF26-58AC-4792-B2BD-1E9EDC47447B}.AppStore|Any CPU.Build.0 = Release|Any CPU
		{5C29BF26-58AC-4792-B2BD-1E9EDC47447B}.AppStore|Any CPU.Deploy.0 = Release|Any CPU
		{5C29BF26-58AC-4792-B2BD-1E9EDC47447B}.AppStore|ARM.ActiveCfg = Release|ARM
		{5C29BF26-58AC-4792-B2BD-1E9EDC47447B}.AppStore|ARM.Build.0 = Release|ARM
		{5C29BF26-58AC-4792-B2BD-1E9EDC47447B}.AppStore|ARM.Deploy.0 = Release|ARM
		{5C29BF26-58AC-4792-B2BD-1E9EDC47447B}.AppStore|iPhone.ActiveCfg = Release|Any CPU
		{5C29BF26-58AC-4792-B2BD-1E9EDC47447B}.AppStore|iPhoneSimulator.ActiveCfg = Release|Any CPU
		{5C29BF26-58AC-4792-B2BD-1E9EDC47447B}.AppStore|Mixed Platforms.ActiveCfg = Release|x86
		{5C29BF26-58AC-4792-B2BD-1E9EDC47447B}.AppStore|Mixed Platforms.Build.0 = Release|x86
		{5C29BF26-58AC-4792-B2BD-1E9EDC47447B}.AppStore|Mixed Platforms.Deploy.0 = Release|x86
		{5C29BF26-58AC-4792-B2BD-1E9EDC47447B}.AppStore|x86.ActiveCfg = Release|x86
		{5C29BF26-58AC-4792-B2BD-1E9EDC47447B}.AppStore|x86.Build.0 = Release|x86
		{5C29BF26-58AC-4792-B2BD-1E9EDC47447B}.AppStore|x86.Deploy.0 = Release|x86
		{5C29BF26-58AC-4792-B2BD-1E9EDC47447B}.Debug|Any CPU.ActiveCfg = Debug|Any CPU
		{5C29BF26-58AC-4792-B2BD-1E9EDC47447B}.Debug|Any CPU.Build.0 = Debug|Any CPU
		{5C29BF26-58AC-4792-B2BD-1E9EDC47447B}.Debug|Any CPU.Deploy.0 = Debug|Any CPU
		{5C29BF26-58AC-4792-B2BD-1E9EDC47447B}.Debug|ARM.ActiveCfg = Debug|ARM
		{5C29BF26-58AC-4792-B2BD-1E9EDC47447B}.Debug|ARM.Build.0 = Debug|ARM
		{5C29BF26-58AC-4792-B2BD-1E9EDC47447B}.Debug|ARM.Deploy.0 = Debug|ARM
		{5C29BF26-58AC-4792-B2BD-1E9EDC47447B}.Debug|iPhone.ActiveCfg = Debug|Any CPU
		{5C29BF26-58AC-4792-B2BD-1E9EDC47447B}.Debug|iPhoneSimulator.ActiveCfg = Debug|Any CPU
		{5C29BF26-58AC-4792-B2BD-1E9EDC47447B}.Debug|Mixed Platforms.ActiveCfg = Debug|x86
		{5C29BF26-58AC-4792-B2BD-1E9EDC47447B}.Debug|Mixed Platforms.Build.0 = Debug|x86
		{5C29BF26-58AC-4792-B2BD-1E9EDC47447B}.Debug|Mixed Platforms.Deploy.0 = Debug|x86
		{5C29BF26-58AC-4792-B2BD-1E9EDC47447B}.Debug|x86.ActiveCfg = Debug|x86
		{5C29BF26-58AC-4792-B2BD-1E9EDC47447B}.Debug|x86.Build.0 = Debug|x86
		{5C29BF26-58AC-4792-B2BD-1E9EDC47447B}.Debug|x86.Deploy.0 = Debug|x86
		{5C29BF26-58AC-4792-B2BD-1E9EDC47447B}.Release|Any CPU.ActiveCfg = Release|Any CPU
		{5C29BF26-58AC-4792-B2BD-1E9EDC47447B}.Release|Any CPU.Build.0 = Release|Any CPU
		{5C29BF26-58AC-4792-B2BD-1E9EDC47447B}.Release|Any CPU.Deploy.0 = Release|Any CPU
		{5C29BF26-58AC-4792-B2BD-1E9EDC47447B}.Release|ARM.ActiveCfg = Release|ARM
		{5C29BF26-58AC-4792-B2BD-1E9EDC47447B}.Release|ARM.Build.0 = Release|ARM
		{5C29BF26-58AC-4792-B2BD-1E9EDC47447B}.Release|ARM.Deploy.0 = Release|ARM
		{5C29BF26-58AC-4792-B2BD-1E9EDC47447B}.Release|iPhone.ActiveCfg = Release|Any CPU
		{5C29BF26-58AC-4792-B2BD-1E9EDC47447B}.Release|iPhoneSimulator.ActiveCfg = Release|Any CPU
		{5C29BF26-58AC-4792-B2BD-1E9EDC47447B}.Release|Mixed Platforms.ActiveCfg = Release|x86
		{5C29BF26-58AC-4792-B2BD-1E9EDC47447B}.Release|Mixed Platforms.Build.0 = Release|x86
		{5C29BF26-58AC-4792-B2BD-1E9EDC47447B}.Release|Mixed Platforms.Deploy.0 = Release|x86
		{5C29BF26-58AC-4792-B2BD-1E9EDC47447B}.Release|x86.ActiveCfg = Release|x86
		{5C29BF26-58AC-4792-B2BD-1E9EDC47447B}.Release|x86.Build.0 = Release|x86
		{5C29BF26-58AC-4792-B2BD-1E9EDC47447B}.Release|x86.Deploy.0 = Release|x86
	EndGlobalSection
	GlobalSection(SolutionProperties) = preSolution
		HideSolutionNode = FALSE
	EndGlobalSection
EndGlobal
