
Microsoft Visual Studio Solution File, Format Version 12.00
# Visual Studio 2012
VisualStudioVersion = 12.0.30723.0
MinimumVisualStudioVersion = 10.0.40219.1
Project("{FAE04EC0-301F-11D3-BF4B-00C04F79EFBC}") = "KwazyThreeDee", "KwazyThreeDee\KwazyThreeDee\KwazyThreeDee.csproj", "{1E9E4D20-DB8D-4C8D-B3BF-C82D1524B92A}"
EndProject
Project("{FAE04EC0-301F-11D3-BF4B-00C04F79EFBC}") = "KwazyThreeDee.iOS", "KwazyThreeDee\KwazyThreeDee.iOS\KwazyThreeDee.iOS.csproj", "{C5D344AD-D2B8-4462-A478-427C149DCEC1}"
EndProject
Project("{FAE04EC0-301F-11D3-BF4B-00C04F79EFBC}") = "KwazyThreeDee.Android", "KwazyThreeDee\KwazyThreeDee.Android\KwazyThreeDee.Android.csproj", "{77C459FD-FA2C-4243-98BC-D1F6647AFDF5}"
EndProject
Project("{FAE04EC0-301F-11D3-BF4B-00C04F79EFBC}") = "KwazyThreeDee.WinPhone", "KwazyThreeDee\KwazyThreeDee.WinPhone\KwazyThreeDee.WinPhone.csproj", "{3CE28556-E2DB-40F6-B1D0-55A4FD79043B}"
EndProject
Project("{FAE04EC0-301F-11D3-BF4B-00C04F79EFBC}") = "Forms3D", "Forms3D\Forms3D.csproj", "{67F9D3A8-F71E-4428-913F-C37AE82CDB24}"
EndProject
Global
	GlobalSection(SolutionConfigurationPlatforms) = preSolution
		Ad-Hoc|Any CPU = Ad-Hoc|Any CPU
		Ad-Hoc|ARM = Ad-Hoc|ARM
		Ad-Hoc|iPhone = Ad-Hoc|iPhone
		Ad-Hoc|iPhoneSimulator = Ad-Hoc|iPhoneSimulator
		Ad-Hoc|Mixed Platforms = Ad-Hoc|Mixed Platforms
		Ad-Hoc|x86 = Ad-Hoc|x86
		AppStore|Any CPU = AppStore|Any CPU
		AppStore|ARM = AppStore|ARM
		AppStore|iPhone = AppStore|iPhone
		AppStore|iPhoneSimulator = AppStore|iPhoneSimulator
		AppStore|Mixed Platforms = AppStore|Mixed Platforms
		AppStore|x86 = AppStore|x86
		Debug|Any CPU = Debug|Any CPU
		Debug|ARM = Debug|ARM
		Debug|iPhone = Debug|iPhone
		Debug|iPhoneSimulator = Debug|iPhoneSimulator
		Debug|Mixed Platforms = Debug|Mixed Platforms
		Debug|x86 = Debug|x86
		Release|Any CPU = Release|Any CPU
		Release|ARM = Release|ARM
		Release|iPhone = Release|iPhone
		Release|iPhoneSimulator = Release|iPhoneSimulator
		Release|Mixed Platforms = Release|Mixed Platforms
		Release|x86 = Release|x86
	EndGlobalSection
	GlobalSection(ProjectConfigurationPlatforms) = postSolution
		{1E9E4D20-DB8D-4C8D-B3BF-C82D1524B92A}.Ad-Hoc|Any CPU.ActiveCfg = Release|Any CPU
		{1E9E4D20-DB8D-4C8D-B3BF-C82D1524B92A}.Ad-Hoc|Any CPU.Build.0 = Release|Any CPU
		{1E9E4D20-DB8D-4C8D-B3BF-C82D1524B92A}.Ad-Hoc|ARM.ActiveCfg = Release|Any CPU
		{1E9E4D20-DB8D-4C8D-B3BF-C82D1524B92A}.Ad-Hoc|iPhone.ActiveCfg = Release|Any CPU
		{1E9E4D20-DB8D-4C8D-B3BF-C82D1524B92A}.Ad-Hoc|iPhoneSimulator.ActiveCfg = Release|Any CPU
		{1E9E4D20-DB8D-4C8D-B3BF-C82D1524B92A}.Ad-Hoc|Mixed Platforms.ActiveCfg = Release|Any CPU
		{1E9E4D20-DB8D-4C8D-B3BF-C82D1524B92A}.Ad-Hoc|Mixed Platforms.Build.0 = Release|Any CPU
		{1E9E4D20-DB8D-4C8D-B3BF-C82D1524B92A}.Ad-Hoc|x86.ActiveCfg = Release|Any CPU
		{1E9E4D20-DB8D-4C8D-B3BF-C82D1524B92A}.AppStore|Any CPU.ActiveCfg = Release|Any CPU
		{1E9E4D20-DB8D-4C8D-B3BF-C82D1524B92A}.AppStore|Any CPU.Build.0 = Release|Any CPU
		{1E9E4D20-DB8D-4C8D-B3BF-C82D1524B92A}.AppStore|ARM.ActiveCfg = Release|Any CPU
		{1E9E4D20-DB8D-4C8D-B3BF-C82D1524B92A}.AppStore|iPhone.ActiveCfg = Release|Any CPU
		{1E9E4D20-DB8D-4C8D-B3BF-C82D1524B92A}.AppStore|iPhoneSimulator.ActiveCfg = Release|Any CPU
		{1E9E4D20-DB8D-4C8D-B3BF-C82D1524B92A}.AppStore|Mixed Platforms.ActiveCfg = Release|Any CPU
		{1E9E4D20-DB8D-4C8D-B3BF-C82D1524B92A}.AppStore|Mixed Platforms.Build.0 = Release|Any CPU
		{1E9E4D20-DB8D-4C8D-B3BF-C82D1524B92A}.AppStore|x86.ActiveCfg = Release|Any CPU
		{1E9E4D20-DB8D-4C8D-B3BF-C82D1524B92A}.Debug|Any CPU.ActiveCfg = Debug|Any CPU
		{1E9E4D20-DB8D-4C8D-B3BF-C82D1524B92A}.Debug|Any CPU.Build.0 = Debug|Any CPU
		{1E9E4D20-DB8D-4C8D-B3BF-C82D1524B92A}.Debug|ARM.ActiveCfg = Debug|Any CPU
		{1E9E4D20-DB8D-4C8D-B3BF-C82D1524B92A}.Debug|iPhone.ActiveCfg = Debug|Any CPU
		{1E9E4D20-DB8D-4C8D-B3BF-C82D1524B92A}.Debug|iPhoneSimulator.ActiveCfg = Debug|Any CPU
		{1E9E4D20-DB8D-4C8D-B3BF-C82D1524B92A}.Debug|Mixed Platforms.ActiveCfg = Debug|Any CPU
		{1E9E4D20-DB8D-4C8D-B3BF-C82D1524B92A}.Debug|Mixed Platforms.Build.0 = Debug|Any CPU
		{1E9E4D20-DB8D-4C8D-B3BF-C82D1524B92A}.Debug|x86.ActiveCfg = Debug|Any CPU
		{1E9E4D20-DB8D-4C8D-B3BF-C82D1524B92A}.Release|Any CPU.ActiveCfg = Release|Any CPU
		{1E9E4D20-DB8D-4C8D-B3BF-C82D1524B92A}.Release|Any CPU.Build.0 = Release|Any CPU
		{1E9E4D20-DB8D-4C8D-B3BF-C82D1524B92A}.Release|ARM.ActiveCfg = Release|Any CPU
		{1E9E4D20-DB8D-4C8D-B3BF-C82D1524B92A}.Release|iPhone.ActiveCfg = Release|Any CPU
		{1E9E4D20-DB8D-4C8D-B3BF-C82D1524B92A}.Release|iPhoneSimulator.ActiveCfg = Release|Any CPU
		{1E9E4D20-DB8D-4C8D-B3BF-C82D1524B92A}.Release|Mixed Platforms.ActiveCfg = Release|Any CPU
		{1E9E4D20-DB8D-4C8D-B3BF-C82D1524B92A}.Release|Mixed Platforms.Build.0 = Release|Any CPU
		{1E9E4D20-DB8D-4C8D-B3BF-C82D1524B92A}.Release|x86.ActiveCfg = Release|Any CPU
		{3CE28556-E2DB-40F6-B1D0-55A4FD79043B}.Ad-Hoc|Any CPU.ActiveCfg = Release|Any CPU
		{3CE28556-E2DB-40F6-B1D0-55A4FD79043B}.Ad-Hoc|Any CPU.Build.0 = Release|Any CPU
		{3CE28556-E2DB-40F6-B1D0-55A4FD79043B}.Ad-Hoc|Any CPU.Deploy.0 = Release|Any CPU
		{3CE28556-E2DB-40F6-B1D0-55A4FD79043B}.Ad-Hoc|ARM.ActiveCfg = Release|ARM
		{3CE28556-E2DB-40F6-B1D0-55A4FD79043B}.Ad-Hoc|ARM.Build.0 = Release|ARM
		{3CE28556-E2DB-40F6-B1D0-55A4FD79043B}.Ad-Hoc|ARM.Deploy.0 = Release|ARM
		{3CE28556-E2DB-40F6-B1D0-55A4FD79043B}.Ad-Hoc|iPhone.ActiveCfg = Release|Any CPU
		{3CE28556-E2DB-40F6-B1D0-55A4FD79043B}.Ad-Hoc|iPhoneSimulator.ActiveCfg = Release|Any CPU
		{3CE28556-E2DB-40F6-B1D0-55A4FD79043B}.Ad-Hoc|Mixed Platforms.ActiveCfg = Release|x86
		{3CE28556-E2DB-40F6-B1D0-55A4FD79043B}.Ad-Hoc|Mixed Platforms.Build.0 = Release|x86
		{3CE28556-E2DB-40F6-B1D0-55A4FD79043B}.Ad-Hoc|Mixed Platforms.Deploy.0 = Release|x86
		{3CE28556-E2DB-40F6-B1D0-55A4FD79043B}.Ad-Hoc|x86.ActiveCfg = Release|x86
		{3CE28556-E2DB-40F6-B1D0-55A4FD79043B}.Ad-Hoc|x86.Build.0 = Release|x86
		{3CE28556-E2DB-40F6-B1D0-55A4FD79043B}.Ad-Hoc|x86.Deploy.0 = Release|x86
		{3CE28556-E2DB-40F6-B1D0-55A4FD79043B}.AppStore|Any CPU.ActiveCfg = Release|Any CPU
		{3CE28556-E2DB-40F6-B1D0-55A4FD79043B}.AppStore|Any CPU.Build.0 = Release|Any CPU
		{3CE28556-E2DB-40F6-B1D0-55A4FD79043B}.AppStore|Any CPU.Deploy.0 = Release|Any CPU
		{3CE28556-E2DB-40F6-B1D0-55A4FD79043B}.AppStore|ARM.ActiveCfg = Release|ARM
		{3CE28556-E2DB-40F6-B1D0-55A4FD79043B}.AppStore|ARM.Build.0 = Release|ARM
		{3CE28556-E2DB-40F6-B1D0-55A4FD79043B}.AppStore|ARM.Deploy.0 = Release|ARM
		{3CE28556-E2DB-40F6-B1D0-55A4FD79043B}.AppStore|iPhone.ActiveCfg = Release|Any CPU
		{3CE28556-E2DB-40F6-B1D0-55A4FD79043B}.AppStore|iPhoneSimulator.ActiveCfg = Release|Any CPU
		{3CE28556-E2DB-40F6-B1D0-55A4FD79043B}.AppStore|Mixed Platforms.ActiveCfg = Release|x86
		{3CE28556-E2DB-40F6-B1D0-55A4FD79043B}.AppStore|Mixed Platforms.Build.0 = Release|x86
		{3CE28556-E2DB-40F6-B1D0-55A4FD79043B}.AppStore|Mixed Platforms.Deploy.0 = Release|x86
		{3CE28556-E2DB-40F6-B1D0-55A4FD79043B}.AppStore|x86.ActiveCfg = Release|x86
		{3CE28556-E2DB-40F6-B1D0-55A4FD79043B}.AppStore|x86.Build.0 = Release|x86
		{3CE28556-E2DB-40F6-B1D0-55A4FD79043B}.AppStore|x86.Deploy.0 = Release|x86
		{3CE28556-E2DB-40F6-B1D0-55A4FD79043B}.Debug|Any CPU.ActiveCfg = Debug|Any CPU
		{3CE28556-E2DB-40F6-B1D0-55A4FD79043B}.Debug|Any CPU.Build.0 = Debug|Any CPU
		{3CE28556-E2DB-40F6-B1D0-55A4FD79043B}.Debug|Any CPU.Deploy.0 = Debug|Any CPU
		{3CE28556-E2DB-40F6-B1D0-55A4FD79043B}.Debug|ARM.ActiveCfg = Debug|ARM
		{3CE28556-E2DB-40F6-B1D0-55A4FD79043B}.Debug|ARM.Build.0 = Debug|ARM
		{3CE28556-E2DB-40F6-B1D0-55A4FD79043B}.Debug|ARM.Deploy.0 = Debug|ARM
		{3CE28556-E2DB-40F6-B1D0-55A4FD79043B}.Debug|iPhone.ActiveCfg = Debug|Any CPU
		{3CE28556-E2DB-40F6-B1D0-55A4FD79043B}.Debug|iPhoneSimulator.ActiveCfg = Debug|Any CPU
		{3CE28556-E2DB-40F6-B1D0-55A4FD79043B}.Debug|Mixed Platforms.ActiveCfg = Debug|Any CPU
		{3CE28556-E2DB-40F6-B1D0-55A4FD79043B}.Debug|Mixed Platforms.Build.0 = Debug|Any CPU
		{3CE28556-E2DB-40F6-B1D0-55A4FD79043B}.Debug|Mixed Platforms.Deploy.0 = Debug|Any CPU
		{3CE28556-E2DB-40F6-B1D0-55A4FD79043B}.Debug|x86.ActiveCfg = Debug|x86
		{3CE28556-E2DB-40F6-B1D0-55A4FD79043B}.Debug|x86.Build.0 = Debug|x86
		{3CE28556-E2DB-40F6-B1D0-55A4FD79043B}.Debug|x86.Deploy.0 = Debug|x86
		{3CE28556-E2DB-40F6-B1D0-55A4FD79043B}.Release|Any CPU.ActiveCfg = Release|Any CPU
		{3CE28556-E2DB-40F6-B1D0-55A4FD79043B}.Release|Any CPU.Build.0 = Release|Any CPU
		{3CE28556-E2DB-40F6-B1D0-55A4FD79043B}.Release|Any CPU.Deploy.0 = Release|Any CPU
		{3CE28556-E2DB-40F6-B1D0-55A4FD79043B}.Release|ARM.ActiveCfg = Release|ARM
		{3CE28556-E2DB-40F6-B1D0-55A4FD79043B}.Release|ARM.Build.0 = Release|ARM
		{3CE28556-E2DB-40F6-B1D0-55A4FD79043B}.Release|ARM.Deploy.0 = Release|ARM
		{3CE28556-E2DB-40F6-B1D0-55A4FD79043B}.Release|iPhone.ActiveCfg = Release|Any CPU
		{3CE28556-E2DB-40F6-B1D0-55A4FD79043B}.Release|iPhoneSimulator.ActiveCfg = Release|Any CPU
		{3CE28556-E2DB-40F6-B1D0-55A4FD79043B}.Release|Mixed Platforms.ActiveCfg = Release|x86
		{3CE28556-E2DB-40F6-B1D0-55A4FD79043B}.Release|Mixed Platforms.Build.0 = Release|x86
		{3CE28556-E2DB-40F6-B1D0-55A4FD79043B}.Release|Mixed Platforms.Deploy.0 = Release|x86
		{3CE28556-E2DB-40F6-B1D0-55A4FD79043B}.Release|x86.ActiveCfg = Release|x86
		{3CE28556-E2DB-40F6-B1D0-55A4FD79043B}.Release|x86.Build.0 = Release|x86
		{3CE28556-E2DB-40F6-B1D0-55A4FD79043B}.Release|x86.Deploy.0 = Release|x86
		{67F9D3A8-F71E-4428-913F-C37AE82CDB24}.Ad-Hoc|Any CPU.ActiveCfg = Release|Any CPU
		{67F9D3A8-F71E-4428-913F-C37AE82CDB24}.Ad-Hoc|Any CPU.Build.0 = Release|Any CPU
		{67F9D3A8-F71E-4428-913F-C37AE82CDB24}.Ad-Hoc|ARM.ActiveCfg = Release|Any CPU
		{67F9D3A8-F71E-4428-913F-C37AE82CDB24}.Ad-Hoc|iPhone.ActiveCfg = Release|Any CPU
		{67F9D3A8-F71E-4428-913F-C37AE82CDB24}.Ad-Hoc|iPhoneSimulator.ActiveCfg = Release|Any CPU
		{67F9D3A8-F71E-4428-913F-C37AE82CDB24}.Ad-Hoc|Mixed Platforms.ActiveCfg = Release|Any CPU
		{67F9D3A8-F71E-4428-913F-C37AE82CDB24}.Ad-Hoc|Mixed Platforms.Build.0 = Release|Any CPU
		{67F9D3A8-F71E-4428-913F-C37AE82CDB24}.Ad-Hoc|x86.ActiveCfg = Release|Any CPU
		{67F9D3A8-F71E-4428-913F-C37AE82CDB24}.AppStore|Any CPU.ActiveCfg = Release|Any CPU
		{67F9D3A8-F71E-4428-913F-C37AE82CDB24}.AppStore|Any CPU.Build.0 = Release|Any CPU
		{67F9D3A8-F71E-4428-913F-C37AE82CDB24}.AppStore|ARM.ActiveCfg = Release|Any CPU
		{67F9D3A8-F71E-4428-913F-C37AE82CDB24}.AppStore|iPhone.ActiveCfg = Release|Any CPU
		{67F9D3A8-F71E-4428-913F-C37AE82CDB24}.AppStore|iPhoneSimulator.ActiveCfg = Release|Any CPU
		{67F9D3A8-F71E-4428-913F-C37AE82CDB24}.AppStore|Mixed Platforms.ActiveCfg = Release|Any CPU
		{67F9D3A8-F71E-4428-913F-C37AE82CDB24}.AppStore|Mixed Platforms.Build.0 = Release|Any CPU
		{67F9D3A8-F71E-4428-913F-C37AE82CDB24}.AppStore|x86.ActiveCfg = Release|Any CPU
		{67F9D3A8-F71E-4428-913F-C37AE82CDB24}.Debug|Any CPU.ActiveCfg = Debug|Any CPU
		{67F9D3A8-F71E-4428-913F-C37AE82CDB24}.Debug|Any CPU.Build.0 = Debug|Any CPU
		{67F9D3A8-F71E-4428-913F-C37AE82CDB24}.Debug|ARM.ActiveCfg = Debug|Any CPU
		{67F9D3A8-F71E-4428-913F-C37AE82CDB24}.Debug|iPhone.ActiveCfg = Debug|Any CPU
		{67F9D3A8-F71E-4428-913F-C37AE82CDB24}.Debug|iPhoneSimulator.ActiveCfg = Debug|Any CPU
		{67F9D3A8-F71E-4428-913F-C37AE82CDB24}.Debug|Mixed Platforms.ActiveCfg = Debug|Any CPU
		{67F9D3A8-F71E-4428-913F-C37AE82CDB24}.Debug|Mixed Platforms.Build.0 = Debug|Any CPU
		{67F9D3A8-F71E-4428-913F-C37AE82CDB24}.Debug|x86.ActiveCfg = Debug|Any CPU
		{67F9D3A8-F71E-4428-913F-C37AE82CDB24}.Release|Any CPU.ActiveCfg = Release|Any CPU
		{67F9D3A8-F71E-4428-913F-C37AE82CDB24}.Release|Any CPU.Build.0 = Release|Any CPU
		{67F9D3A8-F71E-4428-913F-C37AE82CDB24}.Release|ARM.ActiveCfg = Release|Any CPU
		{67F9D3A8-F71E-4428-913F-C37AE82CDB24}.Release|iPhone.ActiveCfg = Release|Any CPU
		{67F9D3A8-F71E-4428-913F-C37AE82CDB24}.Release|iPhoneSimulator.ActiveCfg = Release|Any CPU
		{67F9D3A8-F71E-4428-913F-C37AE82CDB24}.Release|Mixed Platforms.ActiveCfg = Release|Any CPU
		{67F9D3A8-F71E-4428-913F-C37AE82CDB24}.Release|Mixed Platforms.Build.0 = Release|Any CPU
		{67F9D3A8-F71E-4428-913F-C37AE82CDB24}.Release|x86.ActiveCfg = Release|Any CPU
		{77C459FD-FA2C-4243-98BC-D1F6647AFDF5}.Ad-Hoc|Any CPU.ActiveCfg = Release|Any CPU
		{77C459FD-FA2C-4243-98BC-D1F6647AFDF5}.Ad-Hoc|Any CPU.Build.0 = Release|Any CPU
		{77C459FD-FA2C-4243-98BC-D1F6647AFDF5}.Ad-Hoc|Any CPU.Deploy.0 = Release|Any CPU
		{77C459FD-FA2C-4243-98BC-D1F6647AFDF5}.Ad-Hoc|ARM.ActiveCfg = Release|Any CPU
		{77C459FD-FA2C-4243-98BC-D1F6647AFDF5}.Ad-Hoc|iPhone.ActiveCfg = Release|Any CPU
		{77C459FD-FA2C-4243-98BC-D1F6647AFDF5}.Ad-Hoc|iPhoneSimulator.ActiveCfg = Release|Any CPU
		{77C459FD-FA2C-4243-98BC-D1F6647AFDF5}.Ad-Hoc|Mixed Platforms.ActiveCfg = Release|Any CPU
		{77C459FD-FA2C-4243-98BC-D1F6647AFDF5}.Ad-Hoc|Mixed Platforms.Build.0 = Release|Any CPU
		{77C459FD-FA2C-4243-98BC-D1F6647AFDF5}.Ad-Hoc|Mixed Platforms.Deploy.0 = Release|Any CPU
		{77C459FD-FA2C-4243-98BC-D1F6647AFDF5}.Ad-Hoc|x86.ActiveCfg = Release|Any CPU
		{77C459FD-FA2C-4243-98BC-D1F6647AFDF5}.AppStore|Any CPU.ActiveCfg = Release|Any CPU
		{77C459FD-FA2C-4243-98BC-D1F6647AFDF5}.AppStore|Any CPU.Build.0 = Release|Any CPU
		{77C459FD-FA2C-4243-98BC-D1F6647AFDF5}.AppStore|Any CPU.Deploy.0 = Release|Any CPU
		{77C459FD-FA2C-4243-98BC-D1F6647AFDF5}.AppStore|ARM.ActiveCfg = Release|Any CPU
		{77C459FD-FA2C-4243-98BC-D1F6647AFDF5}.AppStore|iPhone.ActiveCfg = Release|Any CPU
		{77C459FD-FA2C-4243-98BC-D1F6647AFDF5}.AppStore|iPhoneSimulator.ActiveCfg = Release|Any CPU
		{77C459FD-FA2C-4243-98BC-D1F6647AFDF5}.AppStore|Mixed Platforms.ActiveCfg = Release|Any CPU
		{77C459FD-FA2C-4243-98BC-D1F6647AFDF5}.AppStore|Mixed Platforms.Build.0 = Release|Any CPU
		{77C459FD-FA2C-4243-98BC-D1F6647AFDF5}.AppStore|Mixed Platforms.Deploy.0 = Release|Any CPU
		{77C459FD-FA2C-4243-98BC-D1F6647AFDF5}.AppStore|x86.ActiveCfg = Release|Any CPU
		{77C459FD-FA2C-4243-98BC-D1F6647AFDF5}.Debug|Any CPU.ActiveCfg = Debug|Any CPU
		{77C459FD-FA2C-4243-98BC-D1F6647AFDF5}.Debug|Any CPU.Build.0 = Debug|Any CPU
		{77C459FD-FA2C-4243-98BC-D1F6647AFDF5}.Debug|Any CPU.Deploy.0 = Debug|Any CPU
		{77C459FD-FA2C-4243-98BC-D1F6647AFDF5}.Debug|ARM.ActiveCfg = Debug|Any CPU
		{77C459FD-FA2C-4243-98BC-D1F6647AFDF5}.Debug|iPhone.ActiveCfg = Debug|Any CPU
		{77C459FD-FA2C-4243-98BC-D1F6647AFDF5}.Debug|iPhoneSimulator.ActiveCfg = Debug|Any CPU
		{77C459FD-FA2C-4243-98BC-D1F6647AFDF5}.Debug|Mixed Platforms.ActiveCfg = Debug|Any CPU
		{77C459FD-FA2C-4243-98BC-D1F6647AFDF5}.Debug|Mixed Platforms.Build.0 = Debug|Any CPU
		{77C459FD-FA2C-4243-98BC-D1F6647AFDF5}.Debug|Mixed Platforms.Deploy.0 = Debug|Any CPU
		{77C459FD-FA2C-4243-98BC-D1F6647AFDF5}.Debug|x86.ActiveCfg = Debug|Any CPU
		{77C459FD-FA2C-4243-98BC-D1F6647AFDF5}.Release|Any CPU.ActiveCfg = Release|Any CPU
		{77C459FD-FA2C-4243-98BC-D1F6647AFDF5}.Release|Any CPU.Build.0 = Release|Any CPU
		{77C459FD-FA2C-4243-98BC-D1F6647AFDF5}.Release|Any CPU.Deploy.0 = Release|Any CPU
		{77C459FD-FA2C-4243-98BC-D1F6647AFDF5}.Release|ARM.ActiveCfg = Release|Any CPU
		{77C459FD-FA2C-4243-98BC-D1F6647AFDF5}.Release|iPhone.ActiveCfg = Release|Any CPU
		{77C459FD-FA2C-4243-98BC-D1F6647AFDF5}.Release|iPhoneSimulator.ActiveCfg = Release|Any CPU
		{77C459FD-FA2C-4243-98BC-D1F6647AFDF5}.Release|Mixed Platforms.ActiveCfg = Release|Any CPU
		{77C459FD-FA2C-4243-98BC-D1F6647AFDF5}.Release|Mixed Platforms.Build.0 = Release|Any CPU
		{77C459FD-FA2C-4243-98BC-D1F6647AFDF5}.Release|Mixed Platforms.Deploy.0 = Release|Any CPU
		{77C459FD-FA2C-4243-98BC-D1F6647AFDF5}.Release|x86.ActiveCfg = Release|Any CPU
		{C5D344AD-D2B8-4462-A478-427C149DCEC1}.Ad-Hoc|Any CPU.ActiveCfg = Ad-Hoc|iPhone
		{C5D344AD-D2B8-4462-A478-427C149DCEC1}.Ad-Hoc|ARM.ActiveCfg = Ad-Hoc|iPhone
		{C5D344AD-D2B8-4462-A478-427C149DCEC1}.Ad-Hoc|iPhone.ActiveCfg = Ad-Hoc|iPhone
		{C5D344AD-D2B8-4462-A478-427C149DCEC1}.Ad-Hoc|iPhone.Build.0 = Ad-Hoc|iPhone
		{C5D344AD-D2B8-4462-A478-427C149DCEC1}.Ad-Hoc|iPhoneSimulator.ActiveCfg = Ad-Hoc|iPhoneSimulator
		{C5D344AD-D2B8-4462-A478-427C149DCEC1}.Ad-Hoc|iPhoneSimulator.Build.0 = Ad-Hoc|iPhoneSimulator
		{C5D344AD-D2B8-4462-A478-427C149DCEC1}.Ad-Hoc|Mixed Platforms.ActiveCfg = Ad-Hoc|iPhone
		{C5D344AD-D2B8-4462-A478-427C149DCEC1}.Ad-Hoc|Mixed Platforms.Build.0 = Ad-Hoc|iPhone
		{C5D344AD-D2B8-4462-A478-427C149DCEC1}.Ad-Hoc|x86.ActiveCfg = Ad-Hoc|iPhone
		{C5D344AD-D2B8-4462-A478-427C149DCEC1}.AppStore|Any CPU.ActiveCfg = AppStore|iPhone
		{C5D344AD-D2B8-4462-A478-427C149DCEC1}.AppStore|ARM.ActiveCfg = AppStore|iPhone
		{C5D344AD-D2B8-4462-A478-427C149DCEC1}.AppStore|iPhone.ActiveCfg = AppStore|iPhone
		{C5D344AD-D2B8-4462-A478-427C149DCEC1}.AppStore|iPhone.Build.0 = AppStore|iPhone
		{C5D344AD-D2B8-4462-A478-427C149DCEC1}.AppStore|iPhoneSimulator.ActiveCfg = AppStore|iPhoneSimulator
		{C5D344AD-D2B8-4462-A478-427C149DCEC1}.AppStore|iPhoneSimulator.Build.0 = AppStore|iPhoneSimulator
		{C5D344AD-D2B8-4462-A478-427C149DCEC1}.AppStore|Mixed Platforms.ActiveCfg = AppStore|iPhone
		{C5D344AD-D2B8-4462-A478-427C149DCEC1}.AppStore|Mixed Platforms.Build.0 = AppStore|iPhone
		{C5D344AD-D2B8-4462-A478-427C149DCEC1}.AppStore|x86.ActiveCfg = AppStore|iPhone
		{C5D344AD-D2B8-4462-A478-427C149DCEC1}.Debug|Any CPU.ActiveCfg = Debug|iPhone
		{C5D344AD-D2B8-4462-A478-427C149DCEC1}.Debug|ARM.ActiveCfg = Debug|iPhone
		{C5D344AD-D2B8-4462-A478-427C149DCEC1}.Debug|iPhone.ActiveCfg = Debug|iPhone
		{C5D344AD-D2B8-4462-A478-427C149DCEC1}.Debug|iPhone.Build.0 = Debug|iPhone
		{C5D344AD-D2B8-4462-A478-427C149DCEC1}.Debug|iPhoneSimulator.ActiveCfg = Debug|iPhoneSimulator
		{C5D344AD-D2B8-4462-A478-427C149DCEC1}.Debug|iPhoneSimulator.Build.0 = Debug|iPhoneSimulator
		{C5D344AD-D2B8-4462-A478-427C149DCEC1}.Debug|Mixed Platforms.ActiveCfg = Debug|iPhoneSimulator
		{C5D344AD-D2B8-4462-A478-427C149DCEC1}.Debug|Mixed Platforms.Build.0 = Debug|iPhoneSimulator
		{C5D344AD-D2B8-4462-A478-427C149DCEC1}.Debug|x86.ActiveCfg = Debug|iPhone
		{C5D344AD-D2B8-4462-A478-427C149DCEC1}.Release|Any CPU.ActiveCfg = Release|iPhone
		{C5D344AD-D2B8-4462-A478-427C149DCEC1}.Release|ARM.ActiveCfg = Release|iPhone
		{C5D344AD-D2B8-4462-A478-427C149DCEC1}.Release|iPhone.ActiveCfg = Release|iPhone
		{C5D344AD-D2B8-4462-A478-427C149DCEC1}.Release|iPhone.Build.0 = Release|iPhone
		{C5D344AD-D2B8-4462-A478-427C149DCEC1}.Release|iPhoneSimulator.ActiveCfg = Release|iPhoneSimulator
		{C5D344AD-D2B8-4462-A478-427C149DCEC1}.Release|iPhoneSimulator.Build.0 = Release|iPhoneSimulator
		{C5D344AD-D2B8-4462-A478-427C149DCEC1}.Release|Mixed Platforms.ActiveCfg = Release|iPhone
		{C5D344AD-D2B8-4462-A478-427C149DCEC1}.Release|Mixed Platforms.Build.0 = Release|iPhone
		{C5D344AD-D2B8-4462-A478-427C149DCEC1}.Release|x86.ActiveCfg = Release|iPhone
	EndGlobalSection
	GlobalSection(MonoDevelopProperties) = preSolution
		StartupItem = KwazyThreeDee\KwazyThreeDee.iOS\KwazyThreeDee.iOS.csproj
	EndGlobalSection
	GlobalSection(SolutionProperties) = preSolution
		HideSolutionNode = FALSE
	EndGlobalSection
EndGlobal
