
Microsoft Visual Studio Solution File, Format Version 12.00
# Visual Studio 2013
VisualStudioVersion = 12.0.30723.0
MinimumVisualStudioVersion = 10.0.40219.1
Project("{FAE04EC0-301F-11D3-BF4B-00C04F79EFBC}") = "KwazyThreeDee", "KwazyThreeDee\KwazyThreeDee\KwazyThreeDee.csproj", "{648C988A-0A59-4CC0-9AB5-5F759CA7180D}"
EndProject
Project("{FAE04EC0-301F-11D3-BF4B-00C04F79EFBC}") = "KwazyThreeDee.iOS", "KwazyThreeDee\KwazyThreeDee.iOS\KwazyThreeDee.iOS.csproj", "{157E87E2-4E3D-4A2B-8688-EAFE5070C59C}"
EndProject
Project("{FAE04EC0-301F-11D3-BF4B-00C04F79EFBC}") = "KwazyThreeDee.Droid", "KwazyThreeDee\KwazyThreeDee.Droid\KwazyThreeDee.Droid.csproj", "{7DD5B461-AF7A-415A-ADF3-1B4F0DE23759}"
EndProject
Project("{FAE04EC0-301F-11D3-BF4B-00C04F79EFBC}") = "KwazyThreeDee.WinPhone", "KwazyThreeDee\KwazyThreeDee.WinPhone\KwazyThreeDee.WinPhone.csproj", "{EC248000-E53E-43BA-84F3-91BDFC450160}"
EndProject
Project("{FAE04EC0-301F-11D3-BF4B-00C04F79EFBC}") = "Forms3D", "Forms3D\Forms3D.csproj", "{67F9D3A8-F71E-4428-913F-C37AE82CDB24}"
EndProject
Global
	GlobalSection(SolutionConfigurationPlatforms) = preSolution
		Ad-Hoc|Any CPU = Ad-Hoc|Any CPU
		Ad-Hoc|ARM = Ad-Hoc|ARM
		Ad-Hoc|iPhone = Ad-Hoc|iPhone
		Ad-Hoc|iPhoneSimulator = Ad-Hoc|iPhoneSimulator
		Ad-Hoc|Mixed Platforms = Ad-Hoc|Mixed Platforms
		Ad-Hoc|x86 = Ad-Hoc|x86
		AppStore|Any CPU = AppStore|Any CPU
		AppStore|ARM = AppStore|ARM
		AppStore|iPhone = AppStore|iPhone
		AppStore|iPhoneSimulator = AppStore|iPhoneSimulator
		AppStore|Mixed Platforms = AppStore|Mixed Platforms
		AppStore|x86 = AppStore|x86
		Debug|Any CPU = Debug|Any CPU
		Debug|ARM = Debug|ARM
		Debug|iPhone = Debug|iPhone
		Debug|iPhoneSimulator = Debug|iPhoneSimulator
		Debug|Mixed Platforms = Debug|Mixed Platforms
		Debug|x86 = Debug|x86
		Release|Any CPU = Release|Any CPU
		Release|ARM = Release|ARM
		Release|iPhone = Release|iPhone
		Release|iPhoneSimulator = Release|iPhoneSimulator
		Release|Mixed Platforms = Release|Mixed Platforms
		Release|x86 = Release|x86
	EndGlobalSection
	GlobalSection(ProjectConfigurationPlatforms) = postSolution
		{648C988A-0A59-4CC0-9AB5-5F759CA7180D}.Ad-Hoc|Any CPU.ActiveCfg = Release|Any CPU
		{648C988A-0A59-4CC0-9AB5-5F759CA7180D}.Ad-Hoc|Any CPU.Build.0 = Release|Any CPU
		{648C988A-0A59-4CC0-9AB5-5F759CA7180D}.Ad-Hoc|ARM.ActiveCfg = Release|Any CPU
		{648C988A-0A59-4CC0-9AB5-5F759CA7180D}.Ad-Hoc|iPhone.ActiveCfg = Release|Any CPU
		{648C988A-0A59-4CC0-9AB5-5F759CA7180D}.Ad-Hoc|iPhoneSimulator.ActiveCfg = Release|Any CPU
		{648C988A-0A59-4CC0-9AB5-5F759CA7180D}.Ad-Hoc|Mixed Platforms.ActiveCfg = Release|Any CPU
		{648C988A-0A59-4CC0-9AB5-5F759CA7180D}.Ad-Hoc|Mixed Platforms.Build.0 = Release|Any CPU
		{648C988A-0A59-4CC0-9AB5-5F759CA7180D}.Ad-Hoc|x86.ActiveCfg = Release|Any CPU
		{648C988A-0A59-4CC0-9AB5-5F759CA7180D}.AppStore|Any CPU.ActiveCfg = Release|Any CPU
		{648C988A-0A59-4CC0-9AB5-5F759CA7180D}.AppStore|Any CPU.Build.0 = Release|Any CPU
		{648C988A-0A59-4CC0-9AB5-5F759CA7180D}.AppStore|ARM.ActiveCfg = Release|Any CPU
		{648C988A-0A59-4CC0-9AB5-5F759CA7180D}.AppStore|iPhone.ActiveCfg = Release|Any CPU
		{648C988A-0A59-4CC0-9AB5-5F759CA7180D}.AppStore|iPhoneSimulator.ActiveCfg = Release|Any CPU
		{648C988A-0A59-4CC0-9AB5-5F759CA7180D}.AppStore|Mixed Platforms.ActiveCfg = Release|Any CPU
		{648C988A-0A59-4CC0-9AB5-5F759CA7180D}.AppStore|Mixed Platforms.Build.0 = Release|Any CPU
		{648C988A-0A59-4CC0-9AB5-5F759CA7180D}.AppStore|x86.ActiveCfg = Release|Any CPU
		{648C988A-0A59-4CC0-9AB5-5F759CA7180D}.Debug|Any CPU.ActiveCfg = Debug|Any CPU
		{648C988A-0A59-4CC0-9AB5-5F759CA7180D}.Debug|Any CPU.Build.0 = Debug|Any CPU
		{648C988A-0A59-4CC0-9AB5-5F759CA7180D}.Debug|ARM.ActiveCfg = Debug|Any CPU
		{648C988A-0A59-4CC0-9AB5-5F759CA7180D}.Debug|iPhone.ActiveCfg = Debug|Any CPU
		{648C988A-0A59-4CC0-9AB5-5F759CA7180D}.Debug|iPhoneSimulator.ActiveCfg = Debug|Any CPU
		{648C988A-0A59-4CC0-9AB5-5F759CA7180D}.Debug|iPhoneSimulator.Build.0 = Debug|Any CPU
		{648C988A-0A59-4CC0-9AB5-5F759CA7180D}.Debug|Mixed Platforms.ActiveCfg = Debug|Any CPU
		{648C988A-0A59-4CC0-9AB5-5F759CA7180D}.Debug|Mixed Platforms.Build.0 = Debug|Any CPU
		{648C988A-0A59-4CC0-9AB5-5F759CA7180D}.Debug|x86.ActiveCfg = Debug|Any CPU
		{648C988A-0A59-4CC0-9AB5-5F759CA7180D}.Release|Any CPU.ActiveCfg = Release|Any CPU
		{648C988A-0A59-4CC0-9AB5-5F759CA7180D}.Release|Any CPU.Build.0 = Release|Any CPU
		{648C988A-0A59-4CC0-9AB5-5F759CA7180D}.Release|ARM.ActiveCfg = Release|Any CPU
		{648C988A-0A59-4CC0-9AB5-5F759CA7180D}.Release|iPhone.ActiveCfg = Release|Any CPU
		{648C988A-0A59-4CC0-9AB5-5F759CA7180D}.Release|iPhoneSimulator.ActiveCfg = Release|Any CPU
		{648C988A-0A59-4CC0-9AB5-5F759CA7180D}.Release|Mixed Platforms.ActiveCfg = Release|Any CPU
		{648C988A-0A59-4CC0-9AB5-5F759CA7180D}.Release|Mixed Platforms.Build.0 = Release|Any CPU
		{648C988A-0A59-4CC0-9AB5-5F759CA7180D}.Release|x86.ActiveCfg = Release|Any CPU
		{157E87E2-4E3D-4A2B-8688-EAFE5070C59C}.Ad-Hoc|Any CPU.ActiveCfg = Ad-Hoc|iPhone
		{157E87E2-4E3D-4A2B-8688-EAFE5070C59C}.Ad-Hoc|ARM.ActiveCfg = Ad-Hoc|iPhone
		{157E87E2-4E3D-4A2B-8688-EAFE5070C59C}.Ad-Hoc|iPhone.ActiveCfg = Ad-Hoc|iPhone
		{157E87E2-4E3D-4A2B-8688-EAFE5070C59C}.Ad-Hoc|iPhone.Build.0 = Ad-Hoc|iPhone
		{157E87E2-4E3D-4A2B-8688-EAFE5070C59C}.Ad-Hoc|iPhoneSimulator.ActiveCfg = Ad-Hoc|iPhoneSimulator
		{157E87E2-4E3D-4A2B-8688-EAFE5070C59C}.Ad-Hoc|iPhoneSimulator.Build.0 = Ad-Hoc|iPhoneSimulator
		{157E87E2-4E3D-4A2B-8688-EAFE5070C59C}.Ad-Hoc|Mixed Platforms.ActiveCfg = Ad-Hoc|iPhone
		{157E87E2-4E3D-4A2B-8688-EAFE5070C59C}.Ad-Hoc|Mixed Platforms.Build.0 = Ad-Hoc|iPhone
		{157E87E2-4E3D-4A2B-8688-EAFE5070C59C}.Ad-Hoc|x86.ActiveCfg = Ad-Hoc|iPhone
		{157E87E2-4E3D-4A2B-8688-EAFE5070C59C}.AppStore|Any CPU.ActiveCfg = AppStore|iPhone
		{157E87E2-4E3D-4A2B-8688-EAFE5070C59C}.AppStore|ARM.ActiveCfg = AppStore|iPhone
		{157E87E2-4E3D-4A2B-8688-EAFE5070C59C}.AppStore|iPhone.ActiveCfg = AppStore|iPhone
		{157E87E2-4E3D-4A2B-8688-EAFE5070C59C}.AppStore|iPhone.Build.0 = AppStore|iPhone
		{157E87E2-4E3D-4A2B-8688-EAFE5070C59C}.AppStore|iPhoneSimulator.ActiveCfg = AppStore|iPhoneSimulator
		{157E87E2-4E3D-4A2B-8688-EAFE5070C59C}.AppStore|iPhoneSimulator.Build.0 = AppStore|iPhoneSimulator
		{157E87E2-4E3D-4A2B-8688-EAFE5070C59C}.AppStore|Mixed Platforms.ActiveCfg = AppStore|iPhone
		{157E87E2-4E3D-4A2B-8688-EAFE5070C59C}.AppStore|Mixed Platforms.Build.0 = AppStore|iPhone
		{157E87E2-4E3D-4A2B-8688-EAFE5070C59C}.AppStore|x86.ActiveCfg = AppStore|iPhone
		{157E87E2-4E3D-4A2B-8688-EAFE5070C59C}.Debug|Any CPU.ActiveCfg = Debug|iPhone
		{157E87E2-4E3D-4A2B-8688-EAFE5070C59C}.Debug|ARM.ActiveCfg = Debug|iPhone
		{157E87E2-4E3D-4A2B-8688-EAFE5070C59C}.Debug|iPhone.ActiveCfg = Debug|iPhone
		{157E87E2-4E3D-4A2B-8688-EAFE5070C59C}.Debug|iPhone.Build.0 = Debug|iPhone
		{157E87E2-4E3D-4A2B-8688-EAFE5070C59C}.Debug|iPhoneSimulator.ActiveCfg = Debug|iPhoneSimulator
		{157E87E2-4E3D-4A2B-8688-EAFE5070C59C}.Debug|iPhoneSimulator.Build.0 = Debug|iPhoneSimulator
		{157E87E2-4E3D-4A2B-8688-EAFE5070C59C}.Debug|Mixed Platforms.ActiveCfg = Debug|iPhoneSimulator
		{157E87E2-4E3D-4A2B-8688-EAFE5070C59C}.Debug|Mixed Platforms.Build.0 = Debug|iPhoneSimulator
		{157E87E2-4E3D-4A2B-8688-EAFE5070C59C}.Debug|x86.ActiveCfg = Debug|iPhone
		{157E87E2-4E3D-4A2B-8688-EAFE5070C59C}.Release|Any CPU.ActiveCfg = Release|iPhone
		{157E87E2-4E3D-4A2B-8688-EAFE5070C59C}.Release|ARM.ActiveCfg = Release|iPhone
		{157E87E2-4E3D-4A2B-8688-EAFE5070C59C}.Release|iPhone.ActiveCfg = Release|iPhone
		{157E87E2-4E3D-4A2B-8688-EAFE5070C59C}.Release|iPhone.Build.0 = Release|iPhone
		{157E87E2-4E3D-4A2B-8688-EAFE5070C59C}.Release|iPhoneSimulator.ActiveCfg = Release|iPhoneSimulator
		{157E87E2-4E3D-4A2B-8688-EAFE5070C59C}.Release|iPhoneSimulator.Build.0 = Release|iPhoneSimulator
		{157E87E2-4E3D-4A2B-8688-EAFE5070C59C}.Release|Mixed Platforms.ActiveCfg = Release|iPhone
		{157E87E2-4E3D-4A2B-8688-EAFE5070C59C}.Release|Mixed Platforms.Build.0 = Release|iPhone
		{157E87E2-4E3D-4A2B-8688-EAFE5070C59C}.Release|x86.ActiveCfg = Release|iPhone
		{7DD5B461-AF7A-415A-ADF3-1B4F0DE23759}.Ad-Hoc|Any CPU.ActiveCfg = Release|Any CPU
		{7DD5B461-AF7A-415A-ADF3-1B4F0DE23759}.Ad-Hoc|Any CPU.Build.0 = Release|Any CPU
		{7DD5B461-AF7A-415A-ADF3-1B4F0DE23759}.Ad-Hoc|Any CPU.Deploy.0 = Release|Any CPU
		{7DD5B461-AF7A-415A-ADF3-1B4F0DE23759}.Ad-Hoc|ARM.ActiveCfg = Release|Any CPU
		{7DD5B461-AF7A-415A-ADF3-1B4F0DE23759}.Ad-Hoc|iPhone.ActiveCfg = Release|Any CPU
		{7DD5B461-AF7A-415A-ADF3-1B4F0DE23759}.Ad-Hoc|iPhoneSimulator.ActiveCfg = Release|Any CPU
		{7DD5B461-AF7A-415A-ADF3-1B4F0DE23759}.Ad-Hoc|Mixed Platforms.ActiveCfg = Release|Any CPU
		{7DD5B461-AF7A-415A-ADF3-1B4F0DE23759}.Ad-Hoc|Mixed Platforms.Build.0 = Release|Any CPU
		{7DD5B461-AF7A-415A-ADF3-1B4F0DE23759}.Ad-Hoc|Mixed Platforms.Deploy.0 = Release|Any CPU
		{7DD5B461-AF7A-415A-ADF3-1B4F0DE23759}.Ad-Hoc|x86.ActiveCfg = Release|Any CPU
		{7DD5B461-AF7A-415A-ADF3-1B4F0DE23759}.AppStore|Any CPU.ActiveCfg = Release|Any CPU
		{7DD5B461-AF7A-415A-ADF3-1B4F0DE23759}.AppStore|Any CPU.Build.0 = Release|Any CPU
		{7DD5B461-AF7A-415A-ADF3-1B4F0DE23759}.AppStore|Any CPU.Deploy.0 = Release|Any CPU
		{7DD5B461-AF7A-415A-ADF3-1B4F0DE23759}.AppStore|ARM.ActiveCfg = Release|Any CPU
		{7DD5B461-AF7A-415A-ADF3-1B4F0DE23759}.AppStore|iPhone.ActiveCfg = Release|Any CPU
		{7DD5B461-AF7A-415A-ADF3-1B4F0DE23759}.AppStore|iPhoneSimulator.ActiveCfg = Release|Any CPU
		{7DD5B461-AF7A-415A-ADF3-1B4F0DE23759}.AppStore|Mixed Platforms.ActiveCfg = Release|Any CPU
		{7DD5B461-AF7A-415A-ADF3-1B4F0DE23759}.AppStore|Mixed Platforms.Build.0 = Release|Any CPU
		{7DD5B461-AF7A-415A-ADF3-1B4F0DE23759}.AppStore|Mixed Platforms.Deploy.0 = Release|Any CPU
		{7DD5B461-AF7A-415A-ADF3-1B4F0DE23759}.AppStore|x86.ActiveCfg = Release|Any CPU
		{7DD5B461-AF7A-415A-ADF3-1B4F0DE23759}.Debug|Any CPU.ActiveCfg = Debug|Any CPU
		{7DD5B461-AF7A-415A-ADF3-1B4F0DE23759}.Debug|Any CPU.Build.0 = Debug|Any CPU
		{7DD5B461-AF7A-415A-ADF3-1B4F0DE23759}.Debug|Any CPU.Deploy.0 = Debug|Any CPU
		{7DD5B461-AF7A-415A-ADF3-1B4F0DE23759}.Debug|ARM.ActiveCfg = Debug|Any CPU
		{7DD5B461-AF7A-415A-ADF3-1B4F0DE23759}.Debug|iPhone.ActiveCfg = Debug|Any CPU
		{7DD5B461-AF7A-415A-ADF3-1B4F0DE23759}.Debug|iPhoneSimulator.ActiveCfg = Debug|Any CPU
		{7DD5B461-AF7A-415A-ADF3-1B4F0DE23759}.Debug|iPhoneSimulator.Build.0 = Debug|Any CPU
		{7DD5B461-AF7A-415A-ADF3-1B4F0DE23759}.Debug|iPhoneSimulator.Deploy.0 = Debug|Any CPU
		{7DD5B461-AF7A-415A-ADF3-1B4F0DE23759}.Debug|Mixed Platforms.ActiveCfg = Debug|Any CPU
		{7DD5B461-AF7A-415A-ADF3-1B4F0DE23759}.Debug|Mixed Platforms.Build.0 = Debug|Any CPU
		{7DD5B461-AF7A-415A-ADF3-1B4F0DE23759}.Debug|Mixed Platforms.Deploy.0 = Debug|Any CPU
		{7DD5B461-AF7A-415A-ADF3-1B4F0DE23759}.Debug|x86.ActiveCfg = Debug|Any CPU
		{7DD5B461-AF7A-415A-ADF3-1B4F0DE23759}.Release|Any CPU.ActiveCfg = Release|Any CPU
		{7DD5B461-AF7A-415A-ADF3-1B4F0DE23759}.Release|Any CPU.Build.0 = Release|Any CPU
		{7DD5B461-AF7A-415A-ADF3-1B4F0DE23759}.Release|Any CPU.Deploy.0 = Release|Any CPU
		{7DD5B461-AF7A-415A-ADF3-1B4F0DE23759}.Release|ARM.ActiveCfg = Release|Any CPU
		{7DD5B461-AF7A-415A-ADF3-1B4F0DE23759}.Release|iPhone.ActiveCfg = Release|Any CPU
		{7DD5B461-AF7A-415A-ADF3-1B4F0DE23759}.Release|iPhoneSimulator.ActiveCfg = Release|Any CPU
		{7DD5B461-AF7A-415A-ADF3-1B4F0DE23759}.Release|Mixed Platforms.ActiveCfg = Release|Any CPU
		{7DD5B461-AF7A-415A-ADF3-1B4F0DE23759}.Release|Mixed Platforms.Build.0 = Release|Any CPU
		{7DD5B461-AF7A-415A-ADF3-1B4F0DE23759}.Release|Mixed Platforms.Deploy.0 = Release|Any CPU
		{7DD5B461-AF7A-415A-ADF3-1B4F0DE23759}.Release|x86.ActiveCfg = Release|Any CPU
		{EC248000-E53E-43BA-84F3-91BDFC450160}.Ad-Hoc|Any CPU.ActiveCfg = Release|Any CPU
		{EC248000-E53E-43BA-84F3-91BDFC450160}.Ad-Hoc|Any CPU.Build.0 = Release|Any CPU
		{EC248000-E53E-43BA-84F3-91BDFC450160}.Ad-Hoc|Any CPU.Deploy.0 = Release|Any CPU
		{EC248000-E53E-43BA-84F3-91BDFC450160}.Ad-Hoc|ARM.ActiveCfg = Release|ARM
		{EC248000-E53E-43BA-84F3-91BDFC450160}.Ad-Hoc|ARM.Build.0 = Release|ARM
		{EC248000-E53E-43BA-84F3-91BDFC450160}.Ad-Hoc|ARM.Deploy.0 = Release|ARM
		{EC248000-E53E-43BA-84F3-91BDFC450160}.Ad-Hoc|iPhone.ActiveCfg = Release|Any CPU
		{EC248000-E53E-43BA-84F3-91BDFC450160}.Ad-Hoc|iPhoneSimulator.ActiveCfg = Release|Any CPU
		{EC248000-E53E-43BA-84F3-91BDFC450160}.Ad-Hoc|Mixed Platforms.ActiveCfg = Release|x86
		{EC248000-E53E-43BA-84F3-91BDFC450160}.Ad-Hoc|Mixed Platforms.Build.0 = Release|x86
		{EC248000-E53E-43BA-84F3-91BDFC450160}.Ad-Hoc|Mixed Platforms.Deploy.0 = Release|x86
		{EC248000-E53E-43BA-84F3-91BDFC450160}.Ad-Hoc|x86.ActiveCfg = Release|x86
		{EC248000-E53E-43BA-84F3-91BDFC450160}.Ad-Hoc|x86.Build.0 = Release|x86
		{EC248000-E53E-43BA-84F3-91BDFC450160}.Ad-Hoc|x86.Deploy.0 = Release|x86
		{EC248000-E53E-43BA-84F3-91BDFC450160}.AppStore|Any CPU.ActiveCfg = Release|Any CPU
		{EC248000-E53E-43BA-84F3-91BDFC450160}.AppStore|Any CPU.Build.0 = Release|Any CPU
		{EC248000-E53E-43BA-84F3-91BDFC450160}.AppStore|Any CPU.Deploy.0 = Release|Any CPU
		{EC248000-E53E-43BA-84F3-91BDFC450160}.AppStore|ARM.ActiveCfg = Release|ARM
		{EC248000-E53E-43BA-84F3-91BDFC450160}.AppStore|ARM.Build.0 = Release|ARM
		{EC248000-E53E-43BA-84F3-91BDFC450160}.AppStore|ARM.Deploy.0 = Release|ARM
		{EC248000-E53E-43BA-84F3-91BDFC450160}.AppStore|iPhone.ActiveCfg = Release|Any CPU
		{EC248000-E53E-43BA-84F3-91BDFC450160}.AppStore|iPhoneSimulator.ActiveCfg = Release|Any CPU
		{EC248000-E53E-43BA-84F3-91BDFC450160}.AppStore|Mixed Platforms.ActiveCfg = Release|x86
		{EC248000-E53E-43BA-84F3-91BDFC450160}.AppStore|Mixed Platforms.Build.0 = Release|x86
		{EC248000-E53E-43BA-84F3-91BDFC450160}.AppStore|Mixed Platforms.Deploy.0 = Release|x86
		{EC248000-E53E-43BA-84F3-91BDFC450160}.AppStore|x86.ActiveCfg = Release|x86
		{EC248000-E53E-43BA-84F3-91BDFC450160}.AppStore|x86.Build.0 = Release|x86
		{EC248000-E53E-43BA-84F3-91BDFC450160}.AppStore|x86.Deploy.0 = Release|x86
		{EC248000-E53E-43BA-84F3-91BDFC450160}.Debug|Any CPU.ActiveCfg = Debug|Any CPU
		{EC248000-E53E-43BA-84F3-91BDFC450160}.Debug|Any CPU.Build.0 = Debug|Any CPU
		{EC248000-E53E-43BA-84F3-91BDFC450160}.Debug|Any CPU.Deploy.0 = Debug|Any CPU
		{EC248000-E53E-43BA-84F3-91BDFC450160}.Debug|ARM.ActiveCfg = Debug|ARM
		{EC248000-E53E-43BA-84F3-91BDFC450160}.Debug|ARM.Build.0 = Debug|ARM
		{EC248000-E53E-43BA-84F3-91BDFC450160}.Debug|ARM.Deploy.0 = Debug|ARM
		{EC248000-E53E-43BA-84F3-91BDFC450160}.Debug|iPhone.ActiveCfg = Debug|Any CPU
		{EC248000-E53E-43BA-84F3-91BDFC450160}.Debug|iPhoneSimulator.ActiveCfg = Debug|Any CPU
		{EC248000-E53E-43BA-84F3-91BDFC450160}.Debug|iPhoneSimulator.Build.0 = Debug|Any CPU
		{EC248000-E53E-43BA-84F3-91BDFC450160}.Debug|iPhoneSimulator.Deploy.0 = Debug|Any CPU
		{EC248000-E53E-43BA-84F3-91BDFC450160}.Debug|Mixed Platforms.ActiveCfg = Debug|Any CPU
		{EC248000-E53E-43BA-84F3-91BDFC450160}.Debug|Mixed Platforms.Build.0 = Debug|Any CPU
		{EC248000-E53E-43BA-84F3-91BDFC450160}.Debug|Mixed Platforms.Deploy.0 = Debug|Any CPU
		{EC248000-E53E-43BA-84F3-91BDFC450160}.Debug|x86.ActiveCfg = Debug|x86
		{EC248000-E53E-43BA-84F3-91BDFC450160}.Debug|x86.Build.0 = Debug|x86
		{EC248000-E53E-43BA-84F3-91BDFC450160}.Debug|x86.Deploy.0 = Debug|x86
		{EC248000-E53E-43BA-84F3-91BDFC450160}.Release|Any CPU.ActiveCfg = Release|Any CPU
		{EC248000-E53E-43BA-84F3-91BDFC450160}.Release|Any CPU.Build.0 = Release|Any CPU
		{EC248000-E53E-43BA-84F3-91BDFC450160}.Release|Any CPU.Deploy.0 = Release|Any CPU
		{EC248000-E53E-43BA-84F3-91BDFC450160}.Release|ARM.ActiveCfg = Release|ARM
		{EC248000-E53E-43BA-84F3-91BDFC450160}.Release|ARM.Build.0 = Release|ARM
		{EC248000-E53E-43BA-84F3-91BDFC450160}.Release|ARM.Deploy.0 = Release|ARM
		{EC248000-E53E-43BA-84F3-91BDFC450160}.Release|iPhone.ActiveCfg = Release|Any CPU
		{EC248000-E53E-43BA-84F3-91BDFC450160}.Release|iPhoneSimulator.ActiveCfg = Release|Any CPU
		{EC248000-E53E-43BA-84F3-91BDFC450160}.Release|Mixed Platforms.ActiveCfg = Release|x86
		{EC248000-E53E-43BA-84F3-91BDFC450160}.Release|Mixed Platforms.Build.0 = Release|x86
		{EC248000-E53E-43BA-84F3-91BDFC450160}.Release|Mixed Platforms.Deploy.0 = Release|x86
		{EC248000-E53E-43BA-84F3-91BDFC450160}.Release|x86.ActiveCfg = Release|x86
		{EC248000-E53E-43BA-84F3-91BDFC450160}.Release|x86.Build.0 = Release|x86
		{EC248000-E53E-43BA-84F3-91BDFC450160}.Release|x86.Deploy.0 = Release|x86
		{67F9D3A8-F71E-4428-913F-C37AE82CDB24}.Ad-Hoc|Any CPU.ActiveCfg = Release|Any CPU
		{67F9D3A8-F71E-4428-913F-C37AE82CDB24}.Ad-Hoc|Any CPU.Build.0 = Release|Any CPU
		{67F9D3A8-F71E-4428-913F-C37AE82CDB24}.Ad-Hoc|ARM.ActiveCfg = Release|Any CPU
		{67F9D3A8-F71E-4428-913F-C37AE82CDB24}.Ad-Hoc|iPhone.ActiveCfg = Release|Any CPU
		{67F9D3A8-F71E-4428-913F-C37AE82CDB24}.Ad-Hoc|iPhoneSimulator.ActiveCfg = Release|Any CPU
		{67F9D3A8-F71E-4428-913F-C37AE82CDB24}.Ad-Hoc|Mixed Platforms.ActiveCfg = Release|Any CPU
		{67F9D3A8-F71E-4428-913F-C37AE82CDB24}.Ad-Hoc|Mixed Platforms.Build.0 = Release|Any CPU
		{67F9D3A8-F71E-4428-913F-C37AE82CDB24}.Ad-Hoc|x86.ActiveCfg = Release|Any CPU
		{67F9D3A8-F71E-4428-913F-C37AE82CDB24}.AppStore|Any CPU.ActiveCfg = Release|Any CPU
		{67F9D3A8-F71E-4428-913F-C37AE82CDB24}.AppStore|Any CPU.Build.0 = Release|Any CPU
		{67F9D3A8-F71E-4428-913F-C37AE82CDB24}.AppStore|ARM.ActiveCfg = Release|Any CPU
		{67F9D3A8-F71E-4428-913F-C37AE82CDB24}.AppStore|iPhone.ActiveCfg = Release|Any CPU
		{67F9D3A8-F71E-4428-913F-C37AE82CDB24}.AppStore|iPhoneSimulator.ActiveCfg = Release|Any CPU
		{67F9D3A8-F71E-4428-913F-C37AE82CDB24}.AppStore|Mixed Platforms.ActiveCfg = Release|Any CPU
		{67F9D3A8-F71E-4428-913F-C37AE82CDB24}.AppStore|Mixed Platforms.Build.0 = Release|Any CPU
		{67F9D3A8-F71E-4428-913F-C37AE82CDB24}.AppStore|x86.ActiveCfg = Release|Any CPU
		{67F9D3A8-F71E-4428-913F-C37AE82CDB24}.Debug|Any CPU.ActiveCfg = Debug|Any CPU
		{67F9D3A8-F71E-4428-913F-C37AE82CDB24}.Debug|Any CPU.Build.0 = Debug|Any CPU
		{67F9D3A8-F71E-4428-913F-C37AE82CDB24}.Debug|ARM.ActiveCfg = Debug|Any CPU
		{67F9D3A8-F71E-4428-913F-C37AE82CDB24}.Debug|iPhone.ActiveCfg = Debug|Any CPU
		{67F9D3A8-F71E-4428-913F-C37AE82CDB24}.Debug|iPhoneSimulator.ActiveCfg = Debug|Any CPU
		{67F9D3A8-F71E-4428-913F-C37AE82CDB24}.Debug|iPhoneSimulator.Build.0 = Debug|Any CPU
		{67F9D3A8-F71E-4428-913F-C37AE82CDB24}.Debug|Mixed Platforms.ActiveCfg = Debug|Any CPU
		{67F9D3A8-F71E-4428-913F-C37AE82CDB24}.Debug|Mixed Platforms.Build.0 = Debug|Any CPU
		{67F9D3A8-F71E-4428-913F-C37AE82CDB24}.Debug|x86.ActiveCfg = Debug|Any CPU
		{67F9D3A8-F71E-4428-913F-C37AE82CDB24}.Release|Any CPU.ActiveCfg = Release|Any CPU
		{67F9D3A8-F71E-4428-913F-C37AE82CDB24}.Release|Any CPU.Build.0 = Release|Any CPU
		{67F9D3A8-F71E-4428-913F-C37AE82CDB24}.Release|ARM.ActiveCfg = Release|Any CPU
		{67F9D3A8-F71E-4428-913F-C37AE82CDB24}.Release|iPhone.ActiveCfg = Release|Any CPU
		{67F9D3A8-F71E-4428-913F-C37AE82CDB24}.Release|iPhoneSimulator.ActiveCfg = Release|Any CPU
		{67F9D3A8-F71E-4428-913F-C37AE82CDB24}.Release|Mixed Platforms.ActiveCfg = Release|Any CPU
		{67F9D3A8-F71E-4428-913F-C37AE82CDB24}.Release|Mixed Platforms.Build.0 = Release|Any CPU
		{67F9D3A8-F71E-4428-913F-C37AE82CDB24}.Release|x86.ActiveCfg = Release|Any CPU
	EndGlobalSection
	GlobalSection(SolutionProperties) = preSolution
		HideSolutionNode = FALSE
	EndGlobalSection
EndGlobal
